[[tools.bun]]
version = "1.3.6"
backend = "core:bun"
"platforms.macos-arm64" = { checksum = "blake3:85526dfced776d7b3c0facf44769aaacd6ec1dabb038eb11819ddee2b8dc1173"}

[[tools.jq]]
version = "1.8.1"
backend = "aqua:jqlang/jq"
"platforms.macos-arm64" = { checksum = "sha256:a9fe3ea2f86dfc72f6728417521ec9067b343277152b114f4e98d8cb0e263603", url = "https://github.com/jqlang/jq/releases/download/jq-1.8.1/jq-macos-arm64"}
