[[tools.bun]]
version = "1.3.9"
backend = "core:bun"
"platforms.linux-arm64" = { checksum = "sha256:a2c2862bcc1fd1c0b3a8dcdc8c7efb5e2acd871eb20ed2f17617884ede81c844", url = "https://github.com/oven-sh/bun/releases/download/bun-v1.3.9/bun-linux-aarch64.zip"}
"platforms.linux-arm64-musl" = { checksum = "sha256:412e9b2732d148cb127a753d63899b0333c4f4f1bd8dde79316ecfb7ef170270", url = "https://github.com/oven-sh/bun/releases/download/bun-v1.3.9/bun-linux-aarch64-musl.zip"}
"platforms.linux-x64" = { checksum = "sha256:4680e80e44e32aa718560ceae85d22ecfbf2efb8f3641782e35e4b7efd65a1aa", url = "https://github.com/oven-sh/bun/releases/download/bun-v1.3.9/bun-linux-x64.zip"}
"platforms.linux-x64-baseline" = { checksum = "sha256:104d4d037f4b35e10215c0507e1779691f39c57bd91ddeefe11cad781e3fc4b9", url = "https://github.com/oven-sh/bun/releases/download/bun-v1.3.9/bun-linux-x64-baseline.zip"}
"platforms.linux-x64-musl" = { checksum = "sha256:04b7184318937623d317de6b25e82bef7bf5cce0b241501c5d0499513201c72d", url = "https://github.com/oven-sh/bun/releases/download/bun-v1.3.9/bun-linux-x64-musl.zip"}
"platforms.linux-x64-musl-baseline" = { checksum = "sha256:40ea1b2b209d393a07e06299d2d19a31710f1e55d15811a193bfa7c9dd757e01", url = "https://github.com/oven-sh/bun/releases/download/bun-v1.3.9/bun-linux-x64-musl-baseline.zip"}
"platforms.macos-arm64" = { checksum = "sha256:cde6a4edf19cf64909158fa5a464a12026fd7f0d79a4a950c10cf0af04266d85", url = "https://github.com/oven-sh/bun/releases/download/bun-v1.3.9/bun-darwin-aarch64.zip"}
"platforms.macos-x64" = { checksum = "sha256:588f4a48740b9a0c366a00f878810ab3ab5e6734d29b7c3cbdd9484b74a007de", url = "https://github.com/oven-sh/bun/releases/download/bun-v1.3.9/bun-darwin-x64.zip"}
"platforms.macos-x64-baseline" = { checksum = "sha256:a6e15821aa60795f541ce18fce16bca9f2a94e193068b77f6f33330f4d0a3ad5", url = "https://github.com/oven-sh/bun/releases/download/bun-v1.3.9/bun-darwin-x64-baseline.zip"}
"platforms.windows-x64" = { checksum = "sha256:f4c1cf3549f6af986dc6535c40b4785ff1a7e7805e59637ec450fc11adb0c874", url = "https://github.com/oven-sh/bun/releases/download/bun-v1.3.9/bun-windows-x64.zip"}
"platforms.windows-x64-baseline" = { checksum = "sha256:cc22962b3dcc51f279f13bf843675e052479e64a323f85eb29442066cf3942fe", url = "https://github.com/oven-sh/bun/releases/download/bun-v1.3.9/bun-windows-x64-baseline.zip"}

[[tools.jj]]
version = "0.38.0"
backend = "aqua:jj-vcs/jj"
"platforms.linux-arm64" = { checksum = "sha256:bae97959e06d92b79d96b09a90545e157ef0f300a0482d9b9a81128610e896aa", url = "https://github.com/jj-vcs/jj/releases/download/v0.38.0/jj-v0.38.0-aarch64-unknown-linux-musl.tar.gz"}
"platforms.linux-arm64-musl" = { checksum = "sha256:bae97959e06d92b79d96b09a90545e157ef0f300a0482d9b9a81128610e896aa", url = "https://github.com/jj-vcs/jj/releases/download/v0.38.0/jj-v0.38.0-aarch64-unknown-linux-musl.tar.gz"}
"platforms.linux-x64" = { checksum = "sha256:ed830d9a34a304f8ba258806b52521250a9fffded32ae89c4eb5285b33556a17", url = "https://github.com/jj-vcs/jj/releases/download/v0.38.0/jj-v0.38.0-x86_64-unknown-linux-musl.tar.gz"}
"platforms.linux-x64-baseline" = { checksum = "sha256:ed830d9a34a304f8ba258806b52521250a9fffded32ae89c4eb5285b33556a17", url = "https://github.com/jj-vcs/jj/releases/download/v0.38.0/jj-v0.38.0-x86_64-unknown-linux-musl.tar.gz"}
"platforms.linux-x64-musl" = { checksum = "sha256:ed830d9a34a304f8ba258806b52521250a9fffded32ae89c4eb5285b33556a17", url = "https://github.com/jj-vcs/jj/releases/download/v0.38.0/jj-v0.38.0-x86_64-unknown-linux-musl.tar.gz"}
"platforms.linux-x64-musl-baseline" = { checksum = "sha256:ed830d9a34a304f8ba258806b52521250a9fffded32ae89c4eb5285b33556a17", url = "https://github.com/jj-vcs/jj/releases/download/v0.38.0/jj-v0.38.0-x86_64-unknown-linux-musl.tar.gz"}
"platforms.macos-arm64" = { checksum = "sha256:a1e6d3d3818ab26652631964db4344288a6fe0dc4c077bdb366ff184aa1d8f27", url = "https://github.com/jj-vcs/jj/releases/download/v0.38.0/jj-v0.38.0-aarch64-apple-darwin.tar.gz"}
"platforms.macos-x64" = { checksum = "sha256:09b81d1c35522b41f126dd509515203a2def329ef46207e95460c1896e18d181", url = "https://github.com/jj-vcs/jj/releases/download/v0.38.0/jj-v0.38.0-x86_64-apple-darwin.tar.gz"}
"platforms.macos-x64-baseline" = { checksum = "sha256:09b81d1c35522b41f126dd509515203a2def329ef46207e95460c1896e18d181", url = "https://github.com/jj-vcs/jj/releases/download/v0.38.0/jj-v0.38.0-x86_64-apple-darwin.tar.gz"}
"platforms.windows-x64" = { checksum = "sha256:13032f82286a0b224f9ce6f1e466a2323bee3af2efba423e35b4146975445e14", url = "https://github.com/jj-vcs/jj/releases/download/v0.38.0/jj-v0.38.0-x86_64-pc-windows-msvc.zip"}
"platforms.windows-x64-baseline" = { checksum = "sha256:13032f82286a0b224f9ce6f1e466a2323bee3af2efba423e35b4146975445e14", url = "https://github.com/jj-vcs/jj/releases/download/v0.38.0/jj-v0.38.0-x86_64-pc-windows-msvc.zip"}

[[tools.jq]]
version = "1.8.1"
backend = "aqua:jqlang/jq"
"platforms.linux-arm64" = { checksum = "sha256:6bc62f25981328edd3cfcfe6fe51b073f2d7e7710d7ef7fcdac28d4e384fc3d4", url = "https://github.com/jqlang/jq/releases/download/jq-1.8.1/jq-linux-arm64"}
"platforms.linux-arm64-musl" = { checksum = "sha256:6bc62f25981328edd3cfcfe6fe51b073f2d7e7710d7ef7fcdac28d4e384fc3d4", url = "https://github.com/jqlang/jq/releases/download/jq-1.8.1/jq-linux-arm64"}
"platforms.linux-x64" = { checksum = "sha256:020468de7539ce70ef1bceaf7cde2e8c4f2ca6c3afb84642aabc5c97d9fc2a0d", url = "https://github.com/jqlang/jq/releases/download/jq-1.8.1/jq-linux-amd64"}
"platforms.linux-x64-baseline" = { checksum = "sha256:020468de7539ce70ef1bceaf7cde2e8c4f2ca6c3afb84642aabc5c97d9fc2a0d", url = "https://github.com/jqlang/jq/releases/download/jq-1.8.1/jq-linux-amd64"}
"platforms.linux-x64-musl" = { checksum = "sha256:020468de7539ce70ef1bceaf7cde2e8c4f2ca6c3afb84642aabc5c97d9fc2a0d", url = "https://github.com/jqlang/jq/releases/download/jq-1.8.1/jq-linux-amd64"}
"platforms.linux-x64-musl-baseline" = { checksum = "sha256:020468de7539ce70ef1bceaf7cde2e8c4f2ca6c3afb84642aabc5c97d9fc2a0d", url = "https://github.com/jqlang/jq/releases/download/jq-1.8.1/jq-linux-amd64"}
"platforms.macos-arm64" = { checksum = "sha256:a9fe3ea2f86dfc72f6728417521ec9067b343277152b114f4e98d8cb0e263603", url = "https://github.com/jqlang/jq/releases/download/jq-1.8.1/jq-macos-arm64"}
"platforms.macos-x64" = { checksum = "sha256:e80dbe0d2a2597e3c11c404f03337b981d74b4a8504b70586c354b7697a7c27f", url = "https://github.com/jqlang/jq/releases/download/jq-1.8.1/jq-macos-amd64"}
"platforms.macos-x64-baseline" = { checksum = "sha256:e80dbe0d2a2597e3c11c404f03337b981d74b4a8504b70586c354b7697a7c27f", url = "https://github.com/jqlang/jq/releases/download/jq-1.8.1/jq-macos-amd64"}
"platforms.windows-x64" = { checksum = "sha256:23cb60a1354eed6bcc8d9b9735e8c7b388cd1fdcb75726b93bc299ef22dd9334", url = "https://github.com/jqlang/jq/releases/download/jq-1.8.1/jq-windows-amd64.exe"}
"platforms.windows-x64-baseline" = { checksum = "sha256:23cb60a1354eed6bcc8d9b9735e8c7b388cd1fdcb75726b93bc299ef22dd9334", url = "https://github.com/jqlang/jq/releases/download/jq-1.8.1/jq-windows-amd64.exe"}

[[tools.yq]]
version = "4.52.4"
backend = "aqua:mikefarah/yq"
"platforms.linux-arm64" = { checksum = "sha256:4c2cc022a129be5cc1187959bb4b09bebc7fb543c5837b93001c68f97ce39a5d", url = "https://github.com/mikefarah/yq/releases/download/v4.52.4/yq_linux_arm64"}
"platforms.linux-arm64-musl" = { checksum = "sha256:4c2cc022a129be5cc1187959bb4b09bebc7fb543c5837b93001c68f97ce39a5d", url = "https://github.com/mikefarah/yq/releases/download/v4.52.4/yq_linux_arm64"}
"platforms.linux-x64" = { checksum = "sha256:0c4d965ea944b64b8fddaf7f27779ee3034e5693263786506ccd1c120f184e8c", url = "https://github.com/mikefarah/yq/releases/download/v4.52.4/yq_linux_amd64"}
"platforms.linux-x64-baseline" = { checksum = "sha256:0c4d965ea944b64b8fddaf7f27779ee3034e5693263786506ccd1c120f184e8c", url = "https://github.com/mikefarah/yq/releases/download/v4.52.4/yq_linux_amd64"}
"platforms.linux-x64-musl" = { checksum = "sha256:0c4d965ea944b64b8fddaf7f27779ee3034e5693263786506ccd1c120f184e8c", url = "https://github.com/mikefarah/yq/releases/download/v4.52.4/yq_linux_amd64"}
"platforms.linux-x64-musl-baseline" = { checksum = "sha256:0c4d965ea944b64b8fddaf7f27779ee3034e5693263786506ccd1c120f184e8c", url = "https://github.com/mikefarah/yq/releases/download/v4.52.4/yq_linux_amd64"}
"platforms.macos-arm64" = { checksum = "sha256:6bfa43a439936644d63c70308832390c8838290d064970eaada216219c218a13", url = "https://github.com/mikefarah/yq/releases/download/v4.52.4/yq_darwin_arm64"}
"platforms.macos-x64" = { checksum = "sha256:d72a75fe9953c707d395f653d90095b133675ddd61aa738e1ac9a73c6c05e8be", url = "https://github.com/mikefarah/yq/releases/download/v4.52.4/yq_darwin_amd64"}
"platforms.macos-x64-baseline" = { checksum = "sha256:d72a75fe9953c707d395f653d90095b133675ddd61aa738e1ac9a73c6c05e8be", url = "https://github.com/mikefarah/yq/releases/download/v4.52.4/yq_darwin_amd64"}
"platforms.windows-x64" = { checksum = "sha256:b7c4186f8a3e32879ddf99389bf59a4b2861f0f1b41ef58647d903b0a11e8151", url = "https://github.com/mikefarah/yq/releases/download/v4.52.4/yq_windows_amd64.exe"}
"platforms.windows-x64-baseline" = { checksum = "sha256:b7c4186f8a3e32879ddf99389bf59a4b2861f0f1b41ef58647d903b0a11e8151", url = "https://github.com/mikefarah/yq/releases/download/v4.52.4/yq_windows_amd64.exe"}
