# @generated - this file is auto-generated by `mise lock` https://mise.en.dev/dev-tools/mise-lock.html

[[tools.aube]]
version = "1.33.1"
backend = "github:endevco/aube"

[tools.aube."platforms.linux-arm64"]
checksum = "sha256:e830a24d96205ad92b7dbb8ec1794f959cb37765bbbf7de61c5a6c06ee020c24"
url = "https://github.com/jdx/aube/releases/download/v1.33.1/aube-v1.33.1-aarch64-unknown-linux-gnu.tar.gz"
url_api = "https://api.github.com/repos/jdx/aube/releases/assets/489853573"
provenance = "github-attestations"

[tools.aube."platforms.linux-arm64-musl"]
checksum = "sha256:a96078f649e521bc099c4b15a49ecaee281cb3e0480bd6c4357d88f7850421b1"
url = "https://github.com/jdx/aube/releases/download/v1.33.1/aube-v1.33.1-aarch64-unknown-linux-musl.tar.gz"
url_api = "https://api.github.com/repos/jdx/aube/releases/assets/489824334"
provenance = "github-attestations"

[tools.aube."platforms.linux-x64"]
checksum = "sha256:c6e739a72bd3789bf0a1024b76b3290b709ff62ca9aa52771f0c59b644d51a9c"
url = "https://github.com/jdx/aube/releases/download/v1.33.1/aube-v1.33.1-x86_64-unknown-linux-gnu.tar.gz"
url_api = "https://api.github.com/repos/jdx/aube/releases/assets/489831452"
provenance = "github-attestations"
provenance_verified = true

[tools.aube."platforms.linux-x64-baseline"]
checksum = "sha256:c6e739a72bd3789bf0a1024b76b3290b709ff62ca9aa52771f0c59b644d51a9c"
url = "https://github.com/jdx/aube/releases/download/v1.33.1/aube-v1.33.1-x86_64-unknown-linux-gnu.tar.gz"
url_api = "https://api.github.com/repos/jdx/aube/releases/assets/489831452"
provenance = "github-attestations"

[tools.aube."platforms.linux-x64-musl"]
checksum = "sha256:a1cf4a39253b161f9ae0c39d26acb058c9afdd33c3f1caf3b9384a614e5fec2a"
url = "https://github.com/jdx/aube/releases/download/v1.33.1/aube-v1.33.1-x86_64-unknown-linux-musl.tar.gz"
url_api = "https://api.github.com/repos/jdx/aube/releases/assets/489835066"
provenance = "github-attestations"

[tools.aube."platforms.linux-x64-musl-baseline"]
checksum = "sha256:a1cf4a39253b161f9ae0c39d26acb058c9afdd33c3f1caf3b9384a614e5fec2a"
url = "https://github.com/jdx/aube/releases/download/v1.33.1/aube-v1.33.1-x86_64-unknown-linux-musl.tar.gz"
url_api = "https://api.github.com/repos/jdx/aube/releases/assets/489835066"
provenance = "github-attestations"

[tools.aube."platforms.macos-arm64"]
checksum = "sha256:7aa9c39feef648796338ef540fa1af886683d20058691dfb69169fe47aea3d99"
url = "https://github.com/jdx/aube/releases/download/v1.33.1/aube-v1.33.1-aarch64-apple-darwin.tar.gz"
url_api = "https://api.github.com/repos/jdx/aube/releases/assets/489860006"
provenance = "github-attestations"

[tools.aube."platforms.macos-x64"]
checksum = "sha256:1bd5e58ae6d8a44d0534207127004ae6649bf46ef1b2dba6167c49fd040ceb1e"
url = "https://github.com/jdx/aube/releases/download/v1.33.1/libaube-x86_64-apple-darwin.dylib"
url_api = "https://api.github.com/repos/jdx/aube/releases/assets/489838456"
provenance = "github-attestations"

[tools.aube."platforms.macos-x64-baseline"]
checksum = "sha256:1bd5e58ae6d8a44d0534207127004ae6649bf46ef1b2dba6167c49fd040ceb1e"
url = "https://github.com/jdx/aube/releases/download/v1.33.1/libaube-x86_64-apple-darwin.dylib"
url_api = "https://api.github.com/repos/jdx/aube/releases/assets/489838456"
provenance = "github-attestations"

[tools.aube."platforms.windows-x64"]
checksum = "sha256:3f7423b736675ce6d31a4d917ce655bd4c183ce8986fb6ffe9eb6547000e8d38"
url = "https://github.com/jdx/aube/releases/download/v1.33.1/aube-v1.33.1-x86_64-pc-windows-msvc.zip"
url_api = "https://api.github.com/repos/jdx/aube/releases/assets/489840087"
provenance = "github-attestations"

[tools.aube."platforms.windows-x64-baseline"]
checksum = "sha256:3f7423b736675ce6d31a4d917ce655bd4c183ce8986fb6ffe9eb6547000e8d38"
url = "https://github.com/jdx/aube/releases/download/v1.33.1/aube-v1.33.1-x86_64-pc-windows-msvc.zip"
url_api = "https://api.github.com/repos/jdx/aube/releases/assets/489840087"
provenance = "github-attestations"

[[tools.bun]]
version = "1.3.14"
backend = "core:bun"

[tools.bun."platforms.linux-arm64"]
checksum = "sha256:a27ffb63a8310375836e0d6f668ae17fa8d8d18b88c37c821c65331973a19a3b"
url = "https://github.com/oven-sh/bun/releases/download/bun-v1.3.14/bun-linux-aarch64.zip"

[tools.bun."platforms.linux-arm64-musl"]
checksum = "sha256:b98e0ad3625c5c00d1d5b5ff55605c7adddbfae151861e68ade57b2d3b8703bb"
url = "https://github.com/oven-sh/bun/releases/download/bun-v1.3.14/bun-linux-aarch64-musl.zip"

[tools.bun."platforms.linux-x64"]
checksum = "sha256:951ee2aee855f08595aeec6225226a298d3fea83a3dcd6465c09cbccdf7e848f"
url = "https://github.com/oven-sh/bun/releases/download/bun-v1.3.14/bun-linux-x64.zip"

[tools.bun."platforms.linux-x64-baseline"]
checksum = "sha256:a063908ae08b7852ca10939bbdc6ceed3ddabce8fb9402dce83d65d73b36e6c7"
url = "https://github.com/oven-sh/bun/releases/download/bun-v1.3.14/bun-linux-x64-baseline.zip"

[tools.bun."platforms.linux-x64-musl"]
checksum = "sha256:14bd9aedeebf1dba67e8def9531c89bc989ecfdf1de42e5bfcaf1b8cd9294719"
url = "https://github.com/oven-sh/bun/releases/download/bun-v1.3.14/bun-linux-x64-musl.zip"

[tools.bun."platforms.linux-x64-musl-baseline"]
checksum = "sha256:56a7d6806cf155536c0178f0ea5fbd098e684fa509ebdb4fc0a7e19fb65382dc"
url = "https://github.com/oven-sh/bun/releases/download/bun-v1.3.14/bun-linux-x64-musl-baseline.zip"

[tools.bun."platforms.macos-arm64"]
checksum = "sha256:d8b96221828ad6f97ac7ac0ab7e95872341af763001e8803e8267652c2652620"
url = "https://github.com/oven-sh/bun/releases/download/bun-v1.3.14/bun-darwin-aarch64.zip"

[tools.bun."platforms.macos-x64"]
checksum = "sha256:4183df3374623e5bab315c547cfa0974533cd457d86b73b639f7a87974cd6633"
url = "https://github.com/oven-sh/bun/releases/download/bun-v1.3.14/bun-darwin-x64.zip"

[tools.bun."platforms.macos-x64-baseline"]
checksum = "sha256:3e35ad6f53971a9834bf9e6786e2adf72b5f1921cc9a9c5fde073d2972944076"
url = "https://github.com/oven-sh/bun/releases/download/bun-v1.3.14/bun-darwin-x64-baseline.zip"

[tools.bun."platforms.windows-x64"]
checksum = "sha256:0a0620930b6675d7ba440e81f4e0e00d3cfbe096c4b140d3fff02205e9e18922"
url = "https://github.com/oven-sh/bun/releases/download/bun-v1.3.14/bun-windows-x64.zip"

[tools.bun."platforms.windows-x64-baseline"]
checksum = "sha256:538f9c846355d9e847b2671bc00c47da4229a0befb24df3282b739770f3b475f"
url = "https://github.com/oven-sh/bun/releases/download/bun-v1.3.14/bun-windows-x64-baseline.zip"

[[tools.d2]]
version = "0.7.1"
backend = "aqua:terrastruct/d2"

[tools.d2."platforms.linux-arm64"]
checksum = "sha256:ce3a0b985a8f91335a826c254b3a88736fd81afcdd08b58f6c749d2add6864b0"
url = "https://github.com/d2lang/d2/releases/download/v0.7.1/d2-v0.7.1-linux-arm64.tar.gz"
url_api = "https://api.github.com/repos/d2lang/d2/releases/assets/284023126"

[tools.d2."platforms.linux-arm64-musl"]
checksum = "sha256:ce3a0b985a8f91335a826c254b3a88736fd81afcdd08b58f6c749d2add6864b0"
url = "https://github.com/d2lang/d2/releases/download/v0.7.1/d2-v0.7.1-linux-arm64.tar.gz"
url_api = "https://api.github.com/repos/d2lang/d2/releases/assets/284023126"

[tools.d2."platforms.linux-x64"]
checksum = "sha256:eb172adf59f38d1e5a70ab177591356754ffaf9bebb84e0ca8b767dfb421dad7"
url = "https://github.com/d2lang/d2/releases/download/v0.7.1/d2-v0.7.1-linux-amd64.tar.gz"
url_api = "https://api.github.com/repos/d2lang/d2/releases/assets/284023615"

[tools.d2."platforms.linux-x64-baseline"]
checksum = "sha256:eb172adf59f38d1e5a70ab177591356754ffaf9bebb84e0ca8b767dfb421dad7"
url = "https://github.com/d2lang/d2/releases/download/v0.7.1/d2-v0.7.1-linux-amd64.tar.gz"
url_api = "https://api.github.com/repos/d2lang/d2/releases/assets/284023615"

[tools.d2."platforms.linux-x64-musl"]
checksum = "sha256:eb172adf59f38d1e5a70ab177591356754ffaf9bebb84e0ca8b767dfb421dad7"
url = "https://github.com/d2lang/d2/releases/download/v0.7.1/d2-v0.7.1-linux-amd64.tar.gz"
url_api = "https://api.github.com/repos/d2lang/d2/releases/assets/284023615"

[tools.d2."platforms.linux-x64-musl-baseline"]
checksum = "sha256:eb172adf59f38d1e5a70ab177591356754ffaf9bebb84e0ca8b767dfb421dad7"
url = "https://github.com/d2lang/d2/releases/download/v0.7.1/d2-v0.7.1-linux-amd64.tar.gz"
url_api = "https://api.github.com/repos/d2lang/d2/releases/assets/284023615"

[tools.d2."platforms.macos-arm64"]
checksum = "sha256:80de85f3b0ac7d9569acac0780ed65dd994ea78969b6b230c58bbb2c6113465b"
url = "https://github.com/d2lang/d2/releases/download/v0.7.1/d2-v0.7.1-macos-arm64.tar.gz"
url_api = "https://api.github.com/repos/d2lang/d2/releases/assets/284023623"

[tools.d2."platforms.macos-x64"]
checksum = "sha256:b0178e8fdae72194d5a23aa6effd323378cc58ccd3b08d175ab80371c14e106f"
url = "https://github.com/d2lang/d2/releases/download/v0.7.1/d2-v0.7.1-macos-amd64.tar.gz"
url_api = "https://api.github.com/repos/d2lang/d2/releases/assets/284023129"

[tools.d2."platforms.macos-x64-baseline"]
checksum = "sha256:b0178e8fdae72194d5a23aa6effd323378cc58ccd3b08d175ab80371c14e106f"
url = "https://github.com/d2lang/d2/releases/download/v0.7.1/d2-v0.7.1-macos-amd64.tar.gz"
url_api = "https://api.github.com/repos/d2lang/d2/releases/assets/284023129"

[tools.d2."platforms.windows-x64"]
checksum = "sha256:d289c2866221c618c9fc6efcd416ee8c16e122bd0100761aea51001e3c958f57"
url = "https://github.com/d2lang/d2/releases/download/v0.7.1/d2-v0.7.1-windows-amd64.tar.gz"
url_api = "https://api.github.com/repos/d2lang/d2/releases/assets/284023125"

[tools.d2."platforms.windows-x64-baseline"]
checksum = "sha256:d289c2866221c618c9fc6efcd416ee8c16e122bd0100761aea51001e3c958f57"
url = "https://github.com/d2lang/d2/releases/download/v0.7.1/d2-v0.7.1-windows-amd64.tar.gz"
url_api = "https://api.github.com/repos/d2lang/d2/releases/assets/284023125"

[[tools.jj]]
version = "0.44.0"
backend = "aqua:jj-vcs/jj"

[tools.jj."platforms.linux-arm64"]
checksum = "sha256:60d42fa2a9abaa445eff10cd2087458562aaad5a54b90309e5a3787ecc985ff2"
url = "https://github.com/jj-vcs/jj/releases/download/v0.44.0/jj-v0.44.0-aarch64-unknown-linux-musl.tar.gz"
url_api = "https://api.github.com/repos/jj-vcs/jj/releases/assets/503321893"

[tools.jj."platforms.linux-arm64-musl"]
checksum = "sha256:60d42fa2a9abaa445eff10cd2087458562aaad5a54b90309e5a3787ecc985ff2"
url = "https://github.com/jj-vcs/jj/releases/download/v0.44.0/jj-v0.44.0-aarch64-unknown-linux-musl.tar.gz"
url_api = "https://api.github.com/repos/jj-vcs/jj/releases/assets/503321893"

[tools.jj."platforms.linux-x64"]
checksum = "sha256:0a07bab4641a55fd2bc2fd1563ba3a3f9a577584086ad74086a1c5b69b3ffce9"
url = "https://github.com/jj-vcs/jj/releases/download/v0.44.0/jj-v0.44.0-x86_64-unknown-linux-musl.tar.gz"
url_api = "https://api.github.com/repos/jj-vcs/jj/releases/assets/503322619"

[tools.jj."platforms.linux-x64-baseline"]
checksum = "sha256:0a07bab4641a55fd2bc2fd1563ba3a3f9a577584086ad74086a1c5b69b3ffce9"
url = "https://github.com/jj-vcs/jj/releases/download/v0.44.0/jj-v0.44.0-x86_64-unknown-linux-musl.tar.gz"
url_api = "https://api.github.com/repos/jj-vcs/jj/releases/assets/503322619"

[tools.jj."platforms.linux-x64-musl"]
checksum = "sha256:0a07bab4641a55fd2bc2fd1563ba3a3f9a577584086ad74086a1c5b69b3ffce9"
url = "https://github.com/jj-vcs/jj/releases/download/v0.44.0/jj-v0.44.0-x86_64-unknown-linux-musl.tar.gz"
url_api = "https://api.github.com/repos/jj-vcs/jj/releases/assets/503322619"

[tools.jj."platforms.linux-x64-musl-baseline"]
checksum = "sha256:0a07bab4641a55fd2bc2fd1563ba3a3f9a577584086ad74086a1c5b69b3ffce9"
url = "https://github.com/jj-vcs/jj/releases/download/v0.44.0/jj-v0.44.0-x86_64-unknown-linux-musl.tar.gz"
url_api = "https://api.github.com/repos/jj-vcs/jj/releases/assets/503322619"

[tools.jj."platforms.macos-arm64"]
checksum = "sha256:22b92ed109378a9638f0ae55ca7a7bdc9ef26aa60124215a1f04f6808623ba94"
url = "https://github.com/jj-vcs/jj/releases/download/v0.44.0/jj-v0.44.0-aarch64-apple-darwin.tar.gz"
url_api = "https://api.github.com/repos/jj-vcs/jj/releases/assets/503324615"

[tools.jj."platforms.macos-x64"]
checksum = "sha256:aaec25cbe08e52ba98db0773369c76f248d3a77578e2d4b7b4079aa335ef02a3"
url = "https://github.com/jj-vcs/jj/releases/download/v0.44.0/jj-v0.44.0-x86_64-apple-darwin.tar.gz"
url_api = "https://api.github.com/repos/jj-vcs/jj/releases/assets/503324834"

[tools.jj."platforms.macos-x64-baseline"]
checksum = "sha256:aaec25cbe08e52ba98db0773369c76f248d3a77578e2d4b7b4079aa335ef02a3"
url = "https://github.com/jj-vcs/jj/releases/download/v0.44.0/jj-v0.44.0-x86_64-apple-darwin.tar.gz"
url_api = "https://api.github.com/repos/jj-vcs/jj/releases/assets/503324834"

[tools.jj."platforms.windows-x64"]
checksum = "sha256:a33732415db40e84f43c911b04751cf88aa2c7a5d12ea86bec3ac18f23f463fd"
url = "https://github.com/jj-vcs/jj/releases/download/v0.44.0/jj-v0.44.0-x86_64-pc-windows-msvc.zip"
url_api = "https://api.github.com/repos/jj-vcs/jj/releases/assets/503327752"

[tools.jj."platforms.windows-x64-baseline"]
checksum = "sha256:a33732415db40e84f43c911b04751cf88aa2c7a5d12ea86bec3ac18f23f463fd"
url = "https://github.com/jj-vcs/jj/releases/download/v0.44.0/jj-v0.44.0-x86_64-pc-windows-msvc.zip"
url_api = "https://api.github.com/repos/jj-vcs/jj/releases/assets/503327752"

[[tools.jq]]
version = "1.8.2"
backend = "aqua:jqlang/jq"

[tools.jq."platforms.linux-arm64"]
checksum = "sha256:8b85c817833814ddca00a144c33705546355afccf0cf39b188f3cdb48b852309"
url = "https://github.com/jqlang/jq/releases/download/jq-1.8.2/jq-linux-arm64"
url_api = "https://api.github.com/repos/jqlang/jq/releases/assets/453012756"
provenance = "github-attestations"

[tools.jq."platforms.linux-arm64-musl"]
checksum = "sha256:8b85c817833814ddca00a144c33705546355afccf0cf39b188f3cdb48b852309"
url = "https://github.com/jqlang/jq/releases/download/jq-1.8.2/jq-linux-arm64"
url_api = "https://api.github.com/repos/jqlang/jq/releases/assets/453012756"
provenance = "github-attestations"

[tools.jq."platforms.linux-x64"]
checksum = "sha256:b1c22172dd303f3be49e935aa56aa48a8b7a46e0bc838b4997d3bb451495870f"
url = "https://github.com/jqlang/jq/releases/download/jq-1.8.2/jq-linux-amd64"
url_api = "https://api.github.com/repos/jqlang/jq/releases/assets/453012752"
provenance = "github-attestations"

[tools.jq."platforms.linux-x64-baseline"]
checksum = "sha256:b1c22172dd303f3be49e935aa56aa48a8b7a46e0bc838b4997d3bb451495870f"
url = "https://github.com/jqlang/jq/releases/download/jq-1.8.2/jq-linux-amd64"
url_api = "https://api.github.com/repos/jqlang/jq/releases/assets/453012752"
provenance = "github-attestations"

[tools.jq."platforms.linux-x64-musl"]
checksum = "sha256:b1c22172dd303f3be49e935aa56aa48a8b7a46e0bc838b4997d3bb451495870f"
url = "https://github.com/jqlang/jq/releases/download/jq-1.8.2/jq-linux-amd64"
url_api = "https://api.github.com/repos/jqlang/jq/releases/assets/453012752"
provenance = "github-attestations"

[tools.jq."platforms.linux-x64-musl-baseline"]
checksum = "sha256:b1c22172dd303f3be49e935aa56aa48a8b7a46e0bc838b4997d3bb451495870f"
url = "https://github.com/jqlang/jq/releases/download/jq-1.8.2/jq-linux-amd64"
url_api = "https://api.github.com/repos/jqlang/jq/releases/assets/453012752"
provenance = "github-attestations"

[tools.jq."platforms.macos-arm64"]
checksum = "sha256:2d75340ba57a4b4b4c8708a21c2dc8e958a48aaa8bba13b27f77f6e4c0eca07e"
url = "https://github.com/jqlang/jq/releases/download/jq-1.8.2/jq-macos-arm64"
url_api = "https://api.github.com/repos/jqlang/jq/releases/assets/453012783"
provenance = "github-attestations"

[tools.jq."platforms.macos-x64"]
checksum = "sha256:e94b266e3c26690550006abe63152b782280f4e14374accdf04cbde844f00bc0"
url = "https://github.com/jqlang/jq/releases/download/jq-1.8.2/jq-macos-amd64"
url_api = "https://api.github.com/repos/jqlang/jq/releases/assets/453012782"
provenance = "github-attestations"

[tools.jq."platforms.macos-x64-baseline"]
checksum = "sha256:e94b266e3c26690550006abe63152b782280f4e14374accdf04cbde844f00bc0"
url = "https://github.com/jqlang/jq/releases/download/jq-1.8.2/jq-macos-amd64"
url_api = "https://api.github.com/repos/jqlang/jq/releases/assets/453012782"
provenance = "github-attestations"

[tools.jq."platforms.windows-x64"]
checksum = "sha256:a6fc67fedaf9128a3309a1e2ebb8b986aeccf70122ee46d2cb4849e423f0c627"
url = "https://github.com/jqlang/jq/releases/download/jq-1.8.2/jq-windows-amd64.exe"
url_api = "https://api.github.com/repos/jqlang/jq/releases/assets/453012788"
provenance = "github-attestations"

[tools.jq."platforms.windows-x64-baseline"]
checksum = "sha256:a6fc67fedaf9128a3309a1e2ebb8b986aeccf70122ee46d2cb4849e423f0c627"
url = "https://github.com/jqlang/jq/releases/download/jq-1.8.2/jq-windows-amd64.exe"
url_api = "https://api.github.com/repos/jqlang/jq/releases/assets/453012788"
provenance = "github-attestations"

[[tools.yq]]
version = "4.53.3"
backend = "aqua:mikefarah/yq"

[tools.yq."platforms.linux-arm64"]
checksum = "sha256:578648e463a11c1b6db6010cbf41eafed6bee79466fcffa1bb446672cf7945ea"
url = "https://github.com/mikefarah/yq/releases/download/v4.53.3/yq_linux_arm64"
url_api = "https://api.github.com/repos/mikefarah/yq/releases/assets/440146727"
provenance = "cosign"

[tools.yq."platforms.linux-arm64-musl"]
checksum = "sha256:578648e463a11c1b6db6010cbf41eafed6bee79466fcffa1bb446672cf7945ea"
url = "https://github.com/mikefarah/yq/releases/download/v4.53.3/yq_linux_arm64"
url_api = "https://api.github.com/repos/mikefarah/yq/releases/assets/440146727"
provenance = "cosign"

[tools.yq."platforms.linux-x64"]
checksum = "sha256:fa52a4e758c63d38299163fbdd1edfb4c4963247918bf9c1c5d31d84789eded4"
url = "https://github.com/mikefarah/yq/releases/download/v4.53.3/yq_linux_amd64"
url_api = "https://api.github.com/repos/mikefarah/yq/releases/assets/440146735"
provenance = "cosign"

[tools.yq."platforms.linux-x64-baseline"]
checksum = "sha256:fa52a4e758c63d38299163fbdd1edfb4c4963247918bf9c1c5d31d84789eded4"
url = "https://github.com/mikefarah/yq/releases/download/v4.53.3/yq_linux_amd64"
url_api = "https://api.github.com/repos/mikefarah/yq/releases/assets/440146735"
provenance = "cosign"

[tools.yq."platforms.linux-x64-musl"]
checksum = "sha256:fa52a4e758c63d38299163fbdd1edfb4c4963247918bf9c1c5d31d84789eded4"
url = "https://github.com/mikefarah/yq/releases/download/v4.53.3/yq_linux_amd64"
url_api = "https://api.github.com/repos/mikefarah/yq/releases/assets/440146735"
provenance = "cosign"

[tools.yq."platforms.linux-x64-musl-baseline"]
checksum = "sha256:fa52a4e758c63d38299163fbdd1edfb4c4963247918bf9c1c5d31d84789eded4"
url = "https://github.com/mikefarah/yq/releases/download/v4.53.3/yq_linux_amd64"
url_api = "https://api.github.com/repos/mikefarah/yq/releases/assets/440146735"
provenance = "cosign"

[tools.yq."platforms.macos-arm64"]
checksum = "sha256:877de31753a4dd2401aa048937aa9a7fc4d5f6ce858cf31508c5802954297213"
url = "https://github.com/mikefarah/yq/releases/download/v4.53.3/yq_darwin_arm64"
url_api = "https://api.github.com/repos/mikefarah/yq/releases/assets/440146762"
provenance = "cosign"

[tools.yq."platforms.macos-x64"]
checksum = "sha256:b4ba1ecce3c47f00803f4f964de38394326c7a32eb6540616e04fb2935a0f08d"
url = "https://github.com/mikefarah/yq/releases/download/v4.53.3/yq_darwin_amd64"
url_api = "https://api.github.com/repos/mikefarah/yq/releases/assets/440146744"
provenance = "cosign"

[tools.yq."platforms.macos-x64-baseline"]
checksum = "sha256:b4ba1ecce3c47f00803f4f964de38394326c7a32eb6540616e04fb2935a0f08d"
url = "https://github.com/mikefarah/yq/releases/download/v4.53.3/yq_darwin_amd64"
url_api = "https://api.github.com/repos/mikefarah/yq/releases/assets/440146744"
provenance = "cosign"

[tools.yq."platforms.windows-x64"]
checksum = "sha256:e279bc506a452eeafcdf364f91a025455e402a8001169083caf01f4b64a544e2"
url = "https://github.com/mikefarah/yq/releases/download/v4.53.3/yq_windows_amd64.exe"
url_api = "https://api.github.com/repos/mikefarah/yq/releases/assets/440146721"
provenance = "cosign"

[tools.yq."platforms.windows-x64-baseline"]
checksum = "sha256:e279bc506a452eeafcdf364f91a025455e402a8001169083caf01f4b64a544e2"
url = "https://github.com/mikefarah/yq/releases/download/v4.53.3/yq_windows_amd64.exe"
url_api = "https://api.github.com/repos/mikefarah/yq/releases/assets/440146721"
provenance = "cosign"
