# @generated - this file is auto-generated by `mise lock` https://mise.en.dev/dev-tools/mise-lock.html

[[tools."aqua:ip7z/7zip"]]
version = "26.02"
backend = "aqua:ip7z/7zip"

[tools."aqua:ip7z/7zip"."platforms.linux-arm64"]
checksum = "sha256:70ea6cc737ae1495ea2d7eb20ef3120fe579bd3f1a83a9d2362b62ec5bde2bba"
url = "https://github.com/ip7z/7zip/releases/download/26.02/7z2602-linux-arm64.tar.xz"
url_api = "https://api.github.com/repos/ip7z/7zip/releases/assets/458363897"

[tools."aqua:ip7z/7zip"."platforms.linux-arm64-musl"]
checksum = "sha256:70ea6cc737ae1495ea2d7eb20ef3120fe579bd3f1a83a9d2362b62ec5bde2bba"
url = "https://github.com/ip7z/7zip/releases/download/26.02/7z2602-linux-arm64.tar.xz"
url_api = "https://api.github.com/repos/ip7z/7zip/releases/assets/458363897"

[tools."aqua:ip7z/7zip"."platforms.linux-x64"]
checksum = "sha256:41aaba7b1235304ab5aa0624530c67ae829496cd29e875925271efdccc28c03e"
url = "https://github.com/ip7z/7zip/releases/download/26.02/7z2602-linux-x64.tar.xz"
url_api = "https://api.github.com/repos/ip7z/7zip/releases/assets/458363910"

[tools."aqua:ip7z/7zip"."platforms.linux-x64-musl"]
checksum = "sha256:41aaba7b1235304ab5aa0624530c67ae829496cd29e875925271efdccc28c03e"
url = "https://github.com/ip7z/7zip/releases/download/26.02/7z2602-linux-x64.tar.xz"
url_api = "https://api.github.com/repos/ip7z/7zip/releases/assets/458363910"

[tools."aqua:ip7z/7zip"."platforms.macos-arm64"]
checksum = "sha256:1cf6760579502f87e591ff5c73a005ec50b3e4d6f507e8b038382d563c3175b9"
url = "https://github.com/ip7z/7zip/releases/download/26.02/7z2602-mac.tar.xz"
url_api = "https://api.github.com/repos/ip7z/7zip/releases/assets/458364002"

[tools."aqua:ip7z/7zip"."platforms.macos-x64"]
checksum = "sha256:1cf6760579502f87e591ff5c73a005ec50b3e4d6f507e8b038382d563c3175b9"
url = "https://github.com/ip7z/7zip/releases/download/26.02/7z2602-mac.tar.xz"
url_api = "https://api.github.com/repos/ip7z/7zip/releases/assets/458364002"

[tools."aqua:ip7z/7zip"."platforms.windows-x64"]
checksum = "sha256:081df9e9311dfd9c9e0e98c1c80180b99bb51e4cb24156b5f3057fe3c259d70a"
url = "https://github.com/ip7z/7zip/releases/download/26.02/7z2602-extra.7z"
url_api = "https://api.github.com/repos/ip7z/7zip/releases/assets/458363818"

[[tools."aqua:kdheepak/taskwarrior-tui"]]
version = "0.27.0"
backend = "aqua:kdheepak/taskwarrior-tui"

[tools."aqua:kdheepak/taskwarrior-tui"."platforms.linux-x64"]
checksum = "sha256:b10a64a977b9b289d79cc292af8b05bc9e8e2efd2b6dd64f0f449337c9c3d530"
url = "https://github.com/kdheepak/taskwarrior-tui/releases/download/v0.27.0/taskwarrior-tui-x86_64-unknown-linux-musl.tar.gz"
url_api = "https://api.github.com/repos/kdheepak/taskwarrior-tui/releases/assets/392369199"

[tools."aqua:kdheepak/taskwarrior-tui"."platforms.linux-x64-musl"]
checksum = "sha256:b10a64a977b9b289d79cc292af8b05bc9e8e2efd2b6dd64f0f449337c9c3d530"
url = "https://github.com/kdheepak/taskwarrior-tui/releases/download/v0.27.0/taskwarrior-tui-x86_64-unknown-linux-musl.tar.gz"
url_api = "https://api.github.com/repos/kdheepak/taskwarrior-tui/releases/assets/392369199"

[tools."aqua:kdheepak/taskwarrior-tui"."platforms.macos-arm64"]
checksum = "sha256:8ac868100d5141ed533f1716b4b7232e5ecaeb6756d148ea4d3bb9b259dddf91"
url = "https://github.com/kdheepak/taskwarrior-tui/releases/download/v0.27.0/taskwarrior-tui-x86_64-apple-darwin.tar.gz"
url_api = "https://api.github.com/repos/kdheepak/taskwarrior-tui/releases/assets/392369201"

[tools."aqua:kdheepak/taskwarrior-tui"."platforms.macos-x64"]
checksum = "sha256:8ac868100d5141ed533f1716b4b7232e5ecaeb6756d148ea4d3bb9b259dddf91"
url = "https://github.com/kdheepak/taskwarrior-tui/releases/download/v0.27.0/taskwarrior-tui-x86_64-apple-darwin.tar.gz"
url_api = "https://api.github.com/repos/kdheepak/taskwarrior-tui/releases/assets/392369201"

[tools."aqua:kdheepak/taskwarrior-tui"."platforms.windows-x64"]
checksum = "sha256:3bbbfc9f381df38cf1754057960bbe51030eaa52bf471a24ff4ec0f9553d38ed"
url = "https://github.com/kdheepak/taskwarrior-tui/releases/download/v0.27.0/taskwarrior-tui-x86_64-pc-windows-msvc.tar.gz"
url_api = "https://api.github.com/repos/kdheepak/taskwarrior-tui/releases/assets/392369196"

[[tools."cargo:findutils"]]
version = "0.9.0"
backend = "cargo:findutils"

[[tools.claude]]
version = "2.1.221"
backend = "aqua:anthropics/claude-code"

[tools.claude."platforms.linux-arm64"]
url = "https://storage.googleapis.com/claude-code-dist-86c565f3-f756-42ad-8dfa-d59b1c096819/claude-code-releases/2.1.221/linux-arm64/claude"

[tools.claude."platforms.linux-arm64-musl"]
url = "https://storage.googleapis.com/claude-code-dist-86c565f3-f756-42ad-8dfa-d59b1c096819/claude-code-releases/2.1.221/linux-arm64-musl/claude"

[tools.claude."platforms.linux-x64"]
checksum = "blake3:83969d6842039c374eeecb275a5f0412e63719b2b7b0515da9d8ca91c2a1d881"
url = "https://storage.googleapis.com/claude-code-dist-86c565f3-f756-42ad-8dfa-d59b1c096819/claude-code-releases/2.1.221/linux-x64/claude"

[tools.claude."platforms.linux-x64-musl"]
url = "https://storage.googleapis.com/claude-code-dist-86c565f3-f756-42ad-8dfa-d59b1c096819/claude-code-releases/2.1.221/linux-x64-musl/claude"

[tools.claude."platforms.macos-arm64"]
url = "https://storage.googleapis.com/claude-code-dist-86c565f3-f756-42ad-8dfa-d59b1c096819/claude-code-releases/2.1.221/darwin-arm64/claude"

[tools.claude."platforms.macos-x64"]
url = "https://storage.googleapis.com/claude-code-dist-86c565f3-f756-42ad-8dfa-d59b1c096819/claude-code-releases/2.1.221/darwin-x64/claude"

[[tools.codex]]
version = "0.146.0"
backend = "aqua:openai/codex"

[tools.codex."platforms.linux-arm64"]
checksum = "sha256:c6eb28ec19bb5615b60e6787165ef28482481c2ce2617da565b83e591bc44c13"
url = "https://github.com/openai/codex/releases/download/rust-v0.146.0/codex-package-aarch64-unknown-linux-musl.tar.gz"
url_api = "https://api.github.com/repos/openai/codex/releases/assets/493444553"

[tools.codex."platforms.linux-arm64-musl"]
checksum = "sha256:c6eb28ec19bb5615b60e6787165ef28482481c2ce2617da565b83e591bc44c13"
url = "https://github.com/openai/codex/releases/download/rust-v0.146.0/codex-package-aarch64-unknown-linux-musl.tar.gz"
url_api = "https://api.github.com/repos/openai/codex/releases/assets/493444553"

[tools.codex."platforms.linux-x64"]
checksum = "sha256:3c89125af1d7c98abec8beb551292ef99daca52e204e5852a9139feae2c467e5"
url = "https://github.com/openai/codex/releases/download/rust-v0.146.0/codex-package-x86_64-unknown-linux-musl.tar.gz"
url_api = "https://api.github.com/repos/openai/codex/releases/assets/493444505"

[tools.codex."platforms.linux-x64-musl"]
checksum = "sha256:3c89125af1d7c98abec8beb551292ef99daca52e204e5852a9139feae2c467e5"
url = "https://github.com/openai/codex/releases/download/rust-v0.146.0/codex-package-x86_64-unknown-linux-musl.tar.gz"
url_api = "https://api.github.com/repos/openai/codex/releases/assets/493444505"

[tools.codex."platforms.macos-arm64"]
checksum = "sha256:cd961b480f6dfc4703bd244601f1927231fa31a587cb9046ccdffa6c4c29e7d5"
url = "https://github.com/openai/codex/releases/download/rust-v0.146.0/codex-package-aarch64-apple-darwin.tar.gz"
url_api = "https://api.github.com/repos/openai/codex/releases/assets/493444574"

[tools.codex."platforms.macos-x64"]
checksum = "sha256:f72f5ab71729e90b8e86343e9199c0f7a7eebbca5d6b1fc4cfcdaf35a3e5b641"
url = "https://github.com/openai/codex/releases/download/rust-v0.146.0/codex-package-x86_64-apple-darwin.tar.gz"
url_api = "https://api.github.com/repos/openai/codex/releases/assets/493444488"

[tools.codex."platforms.windows-x64"]
checksum = "sha256:a945559cc0da3437c022d53e5f601f9e8c95980d717c9aad82997e4582ecd55e"
url = "https://github.com/openai/codex/releases/download/rust-v0.146.0/codex-package-x86_64-pc-windows-msvc.tar.gz"
url_api = "https://api.github.com/repos/openai/codex/releases/assets/493444472"

[[tools.colima]]
version = "0.10.3"
backend = "aqua:abiosoft/colima"

[tools.colima."platforms.linux-arm64"]
checksum = "sha256:ebb69208007484ac36b8a6ba72a797189b0daa88f8b31bc2b563e82b9c91cb70"
url = "https://github.com/abiosoft/colima/releases/download/v0.10.3/colima-Linux-aarch64"
url_api = "https://api.github.com/repos/abiosoft/colima/releases/assets/438456730"

[tools.colima."platforms.linux-arm64-musl"]
checksum = "sha256:ebb69208007484ac36b8a6ba72a797189b0daa88f8b31bc2b563e82b9c91cb70"
url = "https://github.com/abiosoft/colima/releases/download/v0.10.3/colima-Linux-aarch64"
url_api = "https://api.github.com/repos/abiosoft/colima/releases/assets/438456730"

[tools.colima."platforms.linux-x64"]
checksum = "sha256:54ea35f4847815d0a1445dbc2bc3dd6469518a38a9e960449e96b044d248d00d"
url = "https://github.com/abiosoft/colima/releases/download/v0.10.3/colima-Linux-x86_64"
url_api = "https://api.github.com/repos/abiosoft/colima/releases/assets/438456720"

[tools.colima."platforms.linux-x64-musl"]
checksum = "sha256:54ea35f4847815d0a1445dbc2bc3dd6469518a38a9e960449e96b044d248d00d"
url = "https://github.com/abiosoft/colima/releases/download/v0.10.3/colima-Linux-x86_64"
url_api = "https://api.github.com/repos/abiosoft/colima/releases/assets/438456720"

[tools.colima."platforms.macos-arm64"]
checksum = "sha256:980ad8bf61a4ca370243f4cb41401a61276dcd2c2502bee7b9b86f9250169f34"
url = "https://github.com/abiosoft/colima/releases/download/v0.10.3/colima-Darwin-arm64"
url_api = "https://api.github.com/repos/abiosoft/colima/releases/assets/438456725"

[tools.colima."platforms.macos-x64"]
checksum = "sha256:3082737fe8a98afda11cba7d9a20b6e56fe80c6153464beda04bec630758770b"
url = "https://github.com/abiosoft/colima/releases/download/v0.10.3/colima-Darwin-x86_64"
url_api = "https://api.github.com/repos/abiosoft/colima/releases/assets/438456722"

[[tools."github:mat2cc/redis_tui"]]
version = "0.2.4"
backend = "github:mat2cc/redis_tui"

[tools."github:mat2cc/redis_tui"."platforms.linux-arm64"]
checksum = "sha256:7db55fae20728eea5b2c37aed2de885fc539305b6a76ab5e9095bfce5a9ee6f2"
url = "https://github.com/mat2cc/redis_tui/releases/download/v0.2.4/redis_tui_Linux_arm64.tar.gz"
url_api = "https://api.github.com/repos/mat2cc/redis_tui/releases/assets/247948150"

[tools."github:mat2cc/redis_tui"."platforms.linux-arm64-musl"]
checksum = "sha256:7db55fae20728eea5b2c37aed2de885fc539305b6a76ab5e9095bfce5a9ee6f2"
url = "https://github.com/mat2cc/redis_tui/releases/download/v0.2.4/redis_tui_Linux_arm64.tar.gz"
url_api = "https://api.github.com/repos/mat2cc/redis_tui/releases/assets/247948150"

[tools."github:mat2cc/redis_tui"."platforms.linux-x64"]
checksum = "sha256:5e1335b5bf0191892979c3a639fcd0492293b169b25c9ec2d43e3842be283b7f"
url = "https://github.com/mat2cc/redis_tui/releases/download/v0.2.4/redis_tui_Linux_x86_64.tar.gz"
url_api = "https://api.github.com/repos/mat2cc/redis_tui/releases/assets/247948148"

[tools."github:mat2cc/redis_tui"."platforms.linux-x64-musl"]
checksum = "sha256:5e1335b5bf0191892979c3a639fcd0492293b169b25c9ec2d43e3842be283b7f"
url = "https://github.com/mat2cc/redis_tui/releases/download/v0.2.4/redis_tui_Linux_x86_64.tar.gz"
url_api = "https://api.github.com/repos/mat2cc/redis_tui/releases/assets/247948148"

[tools."github:mat2cc/redis_tui"."platforms.macos-arm64"]
checksum = "sha256:889af2aa103aeff127544406e2ea5950f7092147168cc3da698ad662a350aa93"
url = "https://github.com/mat2cc/redis_tui/releases/download/v0.2.4/redis_tui_Darwin_arm64.tar.gz"
url_api = "https://api.github.com/repos/mat2cc/redis_tui/releases/assets/247948142"

[tools."github:mat2cc/redis_tui"."platforms.macos-x64"]
checksum = "sha256:f86b8150599eb51c6a5f8974fbd27d60ebb290950b04ce5f9a72a61f41242806"
url = "https://github.com/mat2cc/redis_tui/releases/download/v0.2.4/redis_tui_Darwin_x86_64.tar.gz"
url_api = "https://api.github.com/repos/mat2cc/redis_tui/releases/assets/247948145"

[tools."github:mat2cc/redis_tui"."platforms.windows-x64"]
checksum = "sha256:6c63711ddf17865f0c4d45abe3eaa73873702a8697537980c5e2aa231bc15801"
url = "https://github.com/mat2cc/redis_tui/releases/download/v0.2.4/redis_tui_Windows_x86_64.zip"
url_api = "https://api.github.com/repos/mat2cc/redis_tui/releases/assets/247948146"

[[tools.hyperfine]]
version = "1.20.0"
backend = "aqua:sharkdp/hyperfine"

[tools.hyperfine."platforms.linux-arm64"]
checksum = "sha256:90875cb1db7a1d797c311174d061728361e58fc70e3b62262a00635ac3b1997c"
url = "https://github.com/sharkdp/hyperfine/releases/download/v1.20.0/hyperfine-v1.20.0-aarch64-unknown-linux-gnu.tar.gz"
url_api = "https://api.github.com/repos/sharkdp/hyperfine/releases/assets/317832112"

[tools.hyperfine."platforms.linux-arm64-musl"]
checksum = "sha256:90875cb1db7a1d797c311174d061728361e58fc70e3b62262a00635ac3b1997c"
url = "https://github.com/sharkdp/hyperfine/releases/download/v1.20.0/hyperfine-v1.20.0-aarch64-unknown-linux-gnu.tar.gz"

[tools.hyperfine."platforms.linux-x64"]
checksum = "sha256:3285ec7959285288137043dd81dce0dde056227018a8277532d9a364b4f03c2b"
url = "https://github.com/sharkdp/hyperfine/releases/download/v1.20.0/hyperfine-v1.20.0-x86_64-unknown-linux-musl.tar.gz"
url_api = "https://api.github.com/repos/sharkdp/hyperfine/releases/assets/317832008"

[tools.hyperfine."platforms.linux-x64-musl"]
checksum = "sha256:3285ec7959285288137043dd81dce0dde056227018a8277532d9a364b4f03c2b"
url = "https://github.com/sharkdp/hyperfine/releases/download/v1.20.0/hyperfine-v1.20.0-x86_64-unknown-linux-musl.tar.gz"
url_api = "https://api.github.com/repos/sharkdp/hyperfine/releases/assets/317832008"

[tools.hyperfine."platforms.macos-arm64"]
checksum = "sha256:f58d0b90993fadfa122a351428c469ce24afef3865f027f0e6e86f0830d088f1"
url = "https://github.com/sharkdp/hyperfine/releases/download/v1.20.0/hyperfine-v1.20.0-x86_64-apple-darwin.tar.gz"
url_api = "https://api.github.com/repos/sharkdp/hyperfine/releases/assets/317832526"

[tools.hyperfine."platforms.macos-x64"]
checksum = "sha256:f58d0b90993fadfa122a351428c469ce24afef3865f027f0e6e86f0830d088f1"
url = "https://github.com/sharkdp/hyperfine/releases/download/v1.20.0/hyperfine-v1.20.0-x86_64-apple-darwin.tar.gz"
url_api = "https://api.github.com/repos/sharkdp/hyperfine/releases/assets/317832526"

[tools.hyperfine."platforms.windows-x64"]
checksum = "sha256:2508c549b049b1d4342d08edc1cb42bfac169082b6e3069431b5bab9822dbb32"
url = "https://github.com/sharkdp/hyperfine/releases/download/v1.20.0/hyperfine-v1.20.0-x86_64-pc-windows-msvc.zip"
url_api = "https://api.github.com/repos/sharkdp/hyperfine/releases/assets/317832313"

[[tools."npm:freebuff"]]
version = "0.0.138"
backend = "npm:freebuff"

[[tools.numbat]]
version = "1.23.0"
backend = "aqua:sharkdp/numbat"

[tools.numbat."platforms.linux-arm64"]
checksum = "sha256:693e03ed8cdc8dbd7dc1d916504ea1fb9bcf253caff85058bdc01e8b2e099eaa"
url = "https://github.com/sharkdp/numbat/releases/download/v1.23.0/numbat-v1.23.0-arm-unknown-linux-musleabihf.tar.gz"
url_api = "https://api.github.com/repos/sharkdp/numbat/releases/assets/352726163"

[tools.numbat."platforms.linux-arm64-musl"]
checksum = "sha256:693e03ed8cdc8dbd7dc1d916504ea1fb9bcf253caff85058bdc01e8b2e099eaa"
url = "https://github.com/sharkdp/numbat/releases/download/v1.23.0/numbat-v1.23.0-arm-unknown-linux-musleabihf.tar.gz"
url_api = "https://api.github.com/repos/sharkdp/numbat/releases/assets/352726163"

[tools.numbat."platforms.linux-x64"]
checksum = "sha256:09efa9dfbff4d983fb0484e2bfc126df9d0cbedede627d22ac61141457b5daa1"
url = "https://github.com/sharkdp/numbat/releases/download/v1.23.0/numbat-v1.23.0-x86_64-unknown-linux-musl.tar.gz"
url_api = "https://api.github.com/repos/sharkdp/numbat/releases/assets/352726109"

[tools.numbat."platforms.linux-x64-musl"]
checksum = "sha256:09efa9dfbff4d983fb0484e2bfc126df9d0cbedede627d22ac61141457b5daa1"
url = "https://github.com/sharkdp/numbat/releases/download/v1.23.0/numbat-v1.23.0-x86_64-unknown-linux-musl.tar.gz"
url_api = "https://api.github.com/repos/sharkdp/numbat/releases/assets/352726109"

[tools.numbat."platforms.macos-arm64"]
checksum = "sha256:58dabb8ca9476009d03f2a3d3993768fa2946657c6423eed8ed31d31cc6e35cf"
url = "https://github.com/sharkdp/numbat/releases/download/v1.23.0/numbat-v1.23.0-aarch64-apple-darwin.tar.gz"
url_api = "https://api.github.com/repos/sharkdp/numbat/releases/assets/352725593"

[tools.numbat."platforms.macos-x64"]
checksum = "sha256:e50d7fc908d56f97b9de1e509039cf9d9ae31a5d4280dd2b58f201c17f194de5"
url = "https://github.com/sharkdp/numbat/releases/download/v1.23.0/numbat-v1.23.0-x86_64-apple-darwin.tar.gz"
url_api = "https://api.github.com/repos/sharkdp/numbat/releases/assets/352725761"

[tools.numbat."platforms.windows-x64"]
checksum = "sha256:2945a728dd748f5bfb18685e89c94e267d96187f440d04d000e326aad88ede21"
url = "https://github.com/sharkdp/numbat/releases/download/v1.23.0/numbat-v1.23.0-x86_64-pc-windows-msvc.zip"
url_api = "https://api.github.com/repos/sharkdp/numbat/releases/assets/352726071"

[[tools.pi]]
version = "0.83.0"
backend = "github:badlogic/pi-mono"

[tools.pi."platforms.linux-arm64"]
checksum = "sha256:b84f9016610c738dd9440df62f649880dbe9951db97a7ae936cbf292850e9802"
url = "https://github.com/earendil-works/pi/releases/download/v0.83.0/pi-linux-arm64.tar.gz"
url_api = "https://api.github.com/repos/earendil-works/pi/releases/assets/494597982"

[tools.pi."platforms.linux-arm64-musl"]
checksum = "sha256:b84f9016610c738dd9440df62f649880dbe9951db97a7ae936cbf292850e9802"
url = "https://github.com/earendil-works/pi/releases/download/v0.83.0/pi-linux-arm64.tar.gz"
url_api = "https://api.github.com/repos/earendil-works/pi/releases/assets/494597982"

[tools.pi."platforms.linux-x64"]
checksum = "sha256:b0625eb623197b0afe20c870d21ef2f34481f1504e5777df3f698a66c7636f5f"
url = "https://github.com/earendil-works/pi/releases/download/v0.83.0/pi-linux-x64.tar.gz"
url_api = "https://api.github.com/repos/earendil-works/pi/releases/assets/494597980"

[tools.pi."platforms.linux-x64-musl"]
checksum = "sha256:b0625eb623197b0afe20c870d21ef2f34481f1504e5777df3f698a66c7636f5f"
url = "https://github.com/earendil-works/pi/releases/download/v0.83.0/pi-linux-x64.tar.gz"
url_api = "https://api.github.com/repos/earendil-works/pi/releases/assets/494597980"

[tools.pi."platforms.macos-arm64"]
checksum = "sha256:147fc3c451ec543a15102af251ce316079c8fcadfe8ae4d3ffee202346e9bed9"
url = "https://github.com/earendil-works/pi/releases/download/v0.83.0/pi-darwin-arm64.tar.gz"
url_api = "https://api.github.com/repos/earendil-works/pi/releases/assets/494597981"

[tools.pi."platforms.macos-x64"]
checksum = "sha256:9ab12e406e545be131d1279a9a2c0d5c0d4a3c6e9d86a52700a7a135a445041b"
url = "https://github.com/earendil-works/pi/releases/download/v0.83.0/pi-darwin-x64.tar.gz"
url_api = "https://api.github.com/repos/earendil-works/pi/releases/assets/494597979"

[tools.pi."platforms.windows-x64"]
checksum = "sha256:7bda7993553a0d556f1eed53d96dd4a83e183332475265fb87c79ff269bf357d"
url = "https://github.com/earendil-works/pi/releases/download/v0.83.0/pi-windows-x64.zip"
url_api = "https://api.github.com/repos/earendil-works/pi/releases/assets/494597990"

[[tools.tssh]]
version = "0.1.26"
backend = "aqua:trzsz/trzsz-ssh"

[tools.tssh."platforms.linux-arm64"]
checksum = "sha256:aa87c3022096b1ac6f583e1af04675419ec777ec3336a34d353efce73b75a0a9"
url = "https://github.com/trzsz/trzsz-ssh/releases/download/v0.1.26/tssh_0.1.26_linux_aarch64.tar.gz"
url_api = "https://api.github.com/repos/trzsz/trzsz-ssh/releases/assets/489891253"

[tools.tssh."platforms.linux-arm64-musl"]
checksum = "sha256:aa87c3022096b1ac6f583e1af04675419ec777ec3336a34d353efce73b75a0a9"
url = "https://github.com/trzsz/trzsz-ssh/releases/download/v0.1.26/tssh_0.1.26_linux_aarch64.tar.gz"
url_api = "https://api.github.com/repos/trzsz/trzsz-ssh/releases/assets/489891253"

[tools.tssh."platforms.linux-x64"]
checksum = "sha256:e01cfacb5fef97b4eb2b5521ad2c9c27ec4892088ae75d329bcef9e290723301"
url = "https://github.com/trzsz/trzsz-ssh/releases/download/v0.1.26/tssh_0.1.26_linux_x86_64.tar.gz"
url_api = "https://api.github.com/repos/trzsz/trzsz-ssh/releases/assets/489891254"

[tools.tssh."platforms.linux-x64-musl"]
checksum = "sha256:e01cfacb5fef97b4eb2b5521ad2c9c27ec4892088ae75d329bcef9e290723301"
url = "https://github.com/trzsz/trzsz-ssh/releases/download/v0.1.26/tssh_0.1.26_linux_x86_64.tar.gz"
url_api = "https://api.github.com/repos/trzsz/trzsz-ssh/releases/assets/489891254"

[tools.tssh."platforms.macos-arm64"]
checksum = "sha256:12747b324134c41dd6a7c3780914703742ad0f0c2faa39560f8cd03608a15d88"
url = "https://github.com/trzsz/trzsz-ssh/releases/download/v0.1.26/tssh_0.1.26_macos_aarch64.tar.gz"
url_api = "https://api.github.com/repos/trzsz/trzsz-ssh/releases/assets/489891260"

[tools.tssh."platforms.macos-x64"]
checksum = "sha256:04ef663f1ef9f1c46298264b04d51a9f6920e5df460a5f3e1bacdb68c3ac58cb"
url = "https://github.com/trzsz/trzsz-ssh/releases/download/v0.1.26/tssh_0.1.26_macos_x86_64.tar.gz"
url_api = "https://api.github.com/repos/trzsz/trzsz-ssh/releases/assets/489891252"

[tools.tssh."platforms.windows-x64"]
checksum = "sha256:15f788e31d08176028d179aa6c9ad0c89b995d6986ce280a50c66fd0c91397da"
url = "https://github.com/trzsz/trzsz-ssh/releases/download/v0.1.26/tssh_0.1.26_windows_x86_64.zip"
url_api = "https://api.github.com/repos/trzsz/trzsz-ssh/releases/assets/489891264"
