# @generated - this file is auto-generated by `mise lock` https://mise.jdx.dev/dev-tools/mise-lock.html

[[tools."devbox:exiftool"]]
version = "13.52"
backend = "devbox:exiftool"

[[tools."devbox:ffmpeg"]]
version = "8.0.1"
backend = "devbox"

[[tools."devbox:file"]]
version = "5.46"
backend = "devbox:file"

[[tools."devbox:gawk"]]
version = "5.3.2"
backend = "devbox:gawk"

[[tools."devbox:git"]]
version = "2.53.0"
backend = "devbox:git"

[[tools."devbox:git-extras"]]
version = "7.4.0"
backend = "devbox:git-extras"

[[tools."devbox:gpg-tui"]]
version = "0.11.1"
backend = "devbox:gpg-tui"

[[tools."devbox:htop"]]
version = "3.4.1"
backend = "devbox:htop"

[[tools."devbox:poppler-utils"]]
version = "25.10.0"
backend = "devbox:poppler-utils"

[[tools."devbox:rcs"]]
version = "5.10.1"
backend = "devbox:rcs"

[[tools."devbox:readline"]]
version = "8.3p3"
backend = "devbox:readline"

[[tools."devbox:renameutils"]]
version = "0.12.0"
backend = "devbox:renameutils"

[[tools."devbox:taskwarrior"]]
version = "2.6.2"
backend = "devbox:taskwarrior"

[[tools."devbox:taskwarrior-tui"]]
version = "0.26.5"
backend = "devbox:taskwarrior-tui"

[[tools."devbox:timewarrior"]]
version = "1.9.1"
backend = "devbox:timewarrior"
