# @generated - this file is auto-generated by `mise lock` https://mise.en.dev/dev-tools/mise-lock.html

lockfile_version = 2

[[tools."devbox:exiftool"]]
version = "13.59"
backend = "devbox:exiftool"
specifiers = ["latest"]

[[tools."devbox:ffmpeg"]]
version = "8.1"
backend = "devbox"
specifiers = ["latest"]

[[tools."devbox:file"]]
version = "5.48"
backend = "devbox:file"
specifiers = ["latest"]

[[tools."devbox:git"]]
version = "2.55.0"
backend = "devbox:git"
specifiers = ["latest"]

[[tools."devbox:git-extras"]]
version = "7.5.0"
backend = "devbox:git-extras"
specifiers = ["latest"]

[[tools."devbox:gpg-tui"]]
version = "0.11.2"
backend = "devbox:gpg-tui"
specifiers = ["latest"]

[[tools."devbox:poppler-utils"]]
version = "26.06.0"
backend = "devbox:poppler-utils"
specifiers = ["latest"]

[[tools."devbox:readline"]]
version = "8.3p3"
backend = "devbox:readline"
specifiers = ["latest"]

[[tools."devbox:taskwarrior"]]
version = "2.6.2"
backend = "devbox:taskwarrior"
specifiers = ["latest"]

[[tools."devbox:timewarrior"]]
version = "1.10.0"
backend = "devbox:timewarrior"
specifiers = ["latest"]
