# @generated - this file is auto-generated by `mise lock` https://mise.en.dev/dev-tools/mise-lock.html

[[tools."aqua:ip7z/7zip"]]
version = "26.01"
backend = "aqua:ip7z/7zip"

[tools."aqua:ip7z/7zip"."platforms.linux-arm64"]
checksum = "sha256:39f8c9070c300a63c7484d9a983119ef3edf841e1ddf69f1affae29fdec5f612"
url = "https://github.com/ip7z/7zip/releases/download/26.01/7z2601-linux-arm64.tar.xz"

[tools."aqua:ip7z/7zip"."platforms.linux-arm64-musl"]
checksum = "sha256:39f8c9070c300a63c7484d9a983119ef3edf841e1ddf69f1affae29fdec5f612"
url = "https://github.com/ip7z/7zip/releases/download/26.01/7z2601-linux-arm64.tar.xz"

[tools."aqua:ip7z/7zip"."platforms.linux-x64"]
checksum = "sha256:8ea0fc8a135e7b848e80a4116fe22dff56c8c4518dde1f43cce67f4e340b437a"
url = "https://github.com/ip7z/7zip/releases/download/26.01/7z2601-linux-x64.tar.xz"

[tools."aqua:ip7z/7zip"."platforms.linux-x64-musl"]
checksum = "sha256:8ea0fc8a135e7b848e80a4116fe22dff56c8c4518dde1f43cce67f4e340b437a"
url = "https://github.com/ip7z/7zip/releases/download/26.01/7z2601-linux-x64.tar.xz"

[tools."aqua:ip7z/7zip"."platforms.macos-arm64"]
checksum = "sha256:0b6b930dbf82742e3f1014c35072a6b8b3aab183fece348e7f723675f1c5bea2"
url = "https://github.com/ip7z/7zip/releases/download/26.01/7z2601-mac.tar.xz"

[tools."aqua:ip7z/7zip"."platforms.macos-x64"]
checksum = "sha256:0b6b930dbf82742e3f1014c35072a6b8b3aab183fece348e7f723675f1c5bea2"
url = "https://github.com/ip7z/7zip/releases/download/26.01/7z2601-mac.tar.xz"

[tools."aqua:ip7z/7zip"."platforms.windows-x64"]
checksum = "sha256:05cda5442075a7c6ce246ca1bbb9b1f1d6f1787a9559156f9b8b2dad29a86971"
url = "https://github.com/ip7z/7zip/releases/download/26.01/7z2601-extra.7z"

[[tools."aqua:kdheepak/taskwarrior-tui"]]
version = "0.27.0"
backend = "aqua:kdheepak/taskwarrior-tui"

[tools."aqua:kdheepak/taskwarrior-tui"."platforms.linux-x64"]
checksum = "sha256:b10a64a977b9b289d79cc292af8b05bc9e8e2efd2b6dd64f0f449337c9c3d530"
url = "https://github.com/kdheepak/taskwarrior-tui/releases/download/v0.27.0/taskwarrior-tui-x86_64-unknown-linux-musl.tar.gz"

[tools."aqua:kdheepak/taskwarrior-tui"."platforms.linux-x64-musl"]
checksum = "sha256:b10a64a977b9b289d79cc292af8b05bc9e8e2efd2b6dd64f0f449337c9c3d530"
url = "https://github.com/kdheepak/taskwarrior-tui/releases/download/v0.27.0/taskwarrior-tui-x86_64-unknown-linux-musl.tar.gz"

[tools."aqua:kdheepak/taskwarrior-tui"."platforms.macos-arm64"]
checksum = "sha256:8ac868100d5141ed533f1716b4b7232e5ecaeb6756d148ea4d3bb9b259dddf91"
url = "https://github.com/kdheepak/taskwarrior-tui/releases/download/v0.27.0/taskwarrior-tui-x86_64-apple-darwin.tar.gz"

[tools."aqua:kdheepak/taskwarrior-tui"."platforms.macos-x64"]
checksum = "sha256:8ac868100d5141ed533f1716b4b7232e5ecaeb6756d148ea4d3bb9b259dddf91"
url = "https://github.com/kdheepak/taskwarrior-tui/releases/download/v0.27.0/taskwarrior-tui-x86_64-apple-darwin.tar.gz"

[tools."aqua:kdheepak/taskwarrior-tui"."platforms.windows-x64"]
checksum = "sha256:3bbbfc9f381df38cf1754057960bbe51030eaa52bf471a24ff4ec0f9553d38ed"
url = "https://github.com/kdheepak/taskwarrior-tui/releases/download/v0.27.0/taskwarrior-tui-x86_64-pc-windows-msvc.tar.gz"

[[tools."cargo:findutils"]]
version = "0.8.0"
backend = "cargo:findutils"

[[tools.claude]]
version = "2.1.142"
backend = "aqua:anthropics/claude-code"

[tools.claude."platforms.linux-arm64"]
url = "https://storage.googleapis.com/claude-code-dist-86c565f3-f756-42ad-8dfa-d59b1c096819/claude-code-releases/2.1.142/linux-arm64/claude"

[tools.claude."platforms.linux-arm64-musl"]
url = "https://storage.googleapis.com/claude-code-dist-86c565f3-f756-42ad-8dfa-d59b1c096819/claude-code-releases/2.1.142/linux-arm64-musl/claude"

[tools.claude."platforms.linux-x64"]
url = "https://storage.googleapis.com/claude-code-dist-86c565f3-f756-42ad-8dfa-d59b1c096819/claude-code-releases/2.1.142/linux-x64/claude"

[tools.claude."platforms.linux-x64-musl"]
url = "https://storage.googleapis.com/claude-code-dist-86c565f3-f756-42ad-8dfa-d59b1c096819/claude-code-releases/2.1.142/linux-x64-musl/claude"

[tools.claude."platforms.macos-arm64"]
checksum = "blake3:d9d373ca69e5fbcb4b9cb245183112335e7ed71c9c7c281d60281b6e7a43605e"
url = "https://storage.googleapis.com/claude-code-dist-86c565f3-f756-42ad-8dfa-d59b1c096819/claude-code-releases/2.1.142/darwin-arm64/claude"

[tools.claude."platforms.macos-x64"]
url = "https://storage.googleapis.com/claude-code-dist-86c565f3-f756-42ad-8dfa-d59b1c096819/claude-code-releases/2.1.142/darwin-x64/claude"

[[tools.colima]]
version = "0.10.1"
backend = "aqua:abiosoft/colima"

[tools.colima."platforms.linux-arm64"]
checksum = "sha256:9d89f1fc10d15eb214e9ab7b30b70bc1524df33bcd7d6828082132e09e33e8ef"
url = "https://github.com/abiosoft/colima/releases/download/v0.10.1/colima-Linux-aarch64"

[tools.colima."platforms.linux-arm64-musl"]
checksum = "sha256:9d89f1fc10d15eb214e9ab7b30b70bc1524df33bcd7d6828082132e09e33e8ef"
url = "https://github.com/abiosoft/colima/releases/download/v0.10.1/colima-Linux-aarch64"

[tools.colima."platforms.linux-x64"]
checksum = "sha256:71293b94c725e26b35dcd00dfbc4713436237e76d99e768f5b14cebc4e7bfe8e"
url = "https://github.com/abiosoft/colima/releases/download/v0.10.1/colima-Linux-x86_64"

[tools.colima."platforms.linux-x64-musl"]
checksum = "sha256:71293b94c725e26b35dcd00dfbc4713436237e76d99e768f5b14cebc4e7bfe8e"
url = "https://github.com/abiosoft/colima/releases/download/v0.10.1/colima-Linux-x86_64"

[tools.colima."platforms.macos-arm64"]
checksum = "sha256:cff716570125444d9560e735d8a23ea50e9f70ca722bb9f44ab456c548425ea3"
url = "https://github.com/abiosoft/colima/releases/download/v0.10.1/colima-Darwin-arm64"

[tools.colima."platforms.macos-x64"]
checksum = "sha256:c927d411f70b7b40aced1caeef36cf3b19e0318cfad3606a0292cd488e9c4a0f"
url = "https://github.com/abiosoft/colima/releases/download/v0.10.1/colima-Darwin-x86_64"

[[tools."github:mat2cc/redis_tui"]]
version = "0.2.4"
backend = "github:mat2cc/redis_tui"

[tools."github:mat2cc/redis_tui"."platforms.linux-arm64"]
checksum = "sha256:7db55fae20728eea5b2c37aed2de885fc539305b6a76ab5e9095bfce5a9ee6f2"
url = "https://github.com/mat2cc/redis_tui/releases/download/v0.2.4/redis_tui_Linux_arm64.tar.gz"
url_api = "https://api.github.com/repos/mat2cc/redis_tui/releases/assets/247948150"
github_attestations = "unavailable"

[tools."github:mat2cc/redis_tui"."platforms.linux-arm64-musl"]
checksum = "sha256:7db55fae20728eea5b2c37aed2de885fc539305b6a76ab5e9095bfce5a9ee6f2"
url = "https://github.com/mat2cc/redis_tui/releases/download/v0.2.4/redis_tui_Linux_arm64.tar.gz"
url_api = "https://api.github.com/repos/mat2cc/redis_tui/releases/assets/247948150"
github_attestations = "unavailable"

[tools."github:mat2cc/redis_tui"."platforms.linux-x64"]
checksum = "sha256:5e1335b5bf0191892979c3a639fcd0492293b169b25c9ec2d43e3842be283b7f"
url = "https://github.com/mat2cc/redis_tui/releases/download/v0.2.4/redis_tui_Linux_x86_64.tar.gz"
url_api = "https://api.github.com/repos/mat2cc/redis_tui/releases/assets/247948148"
github_attestations = "unavailable"

[tools."github:mat2cc/redis_tui"."platforms.linux-x64-musl"]
checksum = "sha256:5e1335b5bf0191892979c3a639fcd0492293b169b25c9ec2d43e3842be283b7f"
url = "https://github.com/mat2cc/redis_tui/releases/download/v0.2.4/redis_tui_Linux_x86_64.tar.gz"
url_api = "https://api.github.com/repos/mat2cc/redis_tui/releases/assets/247948148"
github_attestations = "unavailable"

[tools."github:mat2cc/redis_tui"."platforms.macos-arm64"]
checksum = "sha256:889af2aa103aeff127544406e2ea5950f7092147168cc3da698ad662a350aa93"
url = "https://github.com/mat2cc/redis_tui/releases/download/v0.2.4/redis_tui_Darwin_arm64.tar.gz"
url_api = "https://api.github.com/repos/mat2cc/redis_tui/releases/assets/247948142"
github_attestations = "unavailable"

[tools."github:mat2cc/redis_tui"."platforms.macos-x64"]
checksum = "sha256:f86b8150599eb51c6a5f8974fbd27d60ebb290950b04ce5f9a72a61f41242806"
url = "https://github.com/mat2cc/redis_tui/releases/download/v0.2.4/redis_tui_Darwin_x86_64.tar.gz"
url_api = "https://api.github.com/repos/mat2cc/redis_tui/releases/assets/247948145"
github_attestations = "unavailable"

[tools."github:mat2cc/redis_tui"."platforms.windows-x64"]
checksum = "sha256:6c63711ddf17865f0c4d45abe3eaa73873702a8697537980c5e2aa231bc15801"
url = "https://github.com/mat2cc/redis_tui/releases/download/v0.2.4/redis_tui_Windows_x86_64.zip"
url_api = "https://api.github.com/repos/mat2cc/redis_tui/releases/assets/247948146"
github_attestations = "unavailable"

[[tools.hyperfine]]
version = "1.20.0"
backend = "aqua:sharkdp/hyperfine"

[tools.hyperfine."platforms.linux-arm64"]
checksum = "sha256:90875cb1db7a1d797c311174d061728361e58fc70e3b62262a00635ac3b1997c"
url = "https://github.com/sharkdp/hyperfine/releases/download/v1.20.0/hyperfine-v1.20.0-aarch64-unknown-linux-gnu.tar.gz"

[tools.hyperfine."platforms.linux-arm64-musl"]
checksum = "sha256:90875cb1db7a1d797c311174d061728361e58fc70e3b62262a00635ac3b1997c"
url = "https://github.com/sharkdp/hyperfine/releases/download/v1.20.0/hyperfine-v1.20.0-aarch64-unknown-linux-gnu.tar.gz"

[tools.hyperfine."platforms.linux-x64"]
checksum = "sha256:3285ec7959285288137043dd81dce0dde056227018a8277532d9a364b4f03c2b"
url = "https://github.com/sharkdp/hyperfine/releases/download/v1.20.0/hyperfine-v1.20.0-x86_64-unknown-linux-musl.tar.gz"

[tools.hyperfine."platforms.linux-x64-musl"]
checksum = "sha256:3285ec7959285288137043dd81dce0dde056227018a8277532d9a364b4f03c2b"
url = "https://github.com/sharkdp/hyperfine/releases/download/v1.20.0/hyperfine-v1.20.0-x86_64-unknown-linux-musl.tar.gz"

[tools.hyperfine."platforms.macos-arm64"]
checksum = "sha256:f58d0b90993fadfa122a351428c469ce24afef3865f027f0e6e86f0830d088f1"
url = "https://github.com/sharkdp/hyperfine/releases/download/v1.20.0/hyperfine-v1.20.0-x86_64-apple-darwin.tar.gz"

[tools.hyperfine."platforms.macos-x64"]
checksum = "sha256:f58d0b90993fadfa122a351428c469ce24afef3865f027f0e6e86f0830d088f1"
url = "https://github.com/sharkdp/hyperfine/releases/download/v1.20.0/hyperfine-v1.20.0-x86_64-apple-darwin.tar.gz"

[tools.hyperfine."platforms.windows-x64"]
checksum = "sha256:2508c549b049b1d4342d08edc1cb42bfac169082b6e3069431b5bab9822dbb32"
url = "https://github.com/sharkdp/hyperfine/releases/download/v1.20.0/hyperfine-v1.20.0-x86_64-pc-windows-msvc.zip"

[[tools."npm:freebuff"]]
version = "0.0.90"
backend = "npm:freebuff"

[[tools.numbat]]
version = "1.23.0"
backend = "aqua:sharkdp/numbat"

[tools.numbat."platforms.linux-arm64"]
checksum = "sha256:693e03ed8cdc8dbd7dc1d916504ea1fb9bcf253caff85058bdc01e8b2e099eaa"
url = "https://github.com/sharkdp/numbat/releases/download/v1.23.0/numbat-v1.23.0-arm-unknown-linux-musleabihf.tar.gz"

[tools.numbat."platforms.linux-arm64-musl"]
checksum = "sha256:693e03ed8cdc8dbd7dc1d916504ea1fb9bcf253caff85058bdc01e8b2e099eaa"
url = "https://github.com/sharkdp/numbat/releases/download/v1.23.0/numbat-v1.23.0-arm-unknown-linux-musleabihf.tar.gz"

[tools.numbat."platforms.linux-x64"]
checksum = "sha256:09efa9dfbff4d983fb0484e2bfc126df9d0cbedede627d22ac61141457b5daa1"
url = "https://github.com/sharkdp/numbat/releases/download/v1.23.0/numbat-v1.23.0-x86_64-unknown-linux-musl.tar.gz"

[tools.numbat."platforms.linux-x64-musl"]
checksum = "sha256:09efa9dfbff4d983fb0484e2bfc126df9d0cbedede627d22ac61141457b5daa1"
url = "https://github.com/sharkdp/numbat/releases/download/v1.23.0/numbat-v1.23.0-x86_64-unknown-linux-musl.tar.gz"

[tools.numbat."platforms.macos-arm64"]
checksum = "sha256:58dabb8ca9476009d03f2a3d3993768fa2946657c6423eed8ed31d31cc6e35cf"
url = "https://github.com/sharkdp/numbat/releases/download/v1.23.0/numbat-v1.23.0-aarch64-apple-darwin.tar.gz"

[tools.numbat."platforms.macos-x64"]
checksum = "sha256:e50d7fc908d56f97b9de1e509039cf9d9ae31a5d4280dd2b58f201c17f194de5"
url = "https://github.com/sharkdp/numbat/releases/download/v1.23.0/numbat-v1.23.0-x86_64-apple-darwin.tar.gz"

[tools.numbat."platforms.windows-x64"]
checksum = "sha256:2945a728dd748f5bfb18685e89c94e267d96187f440d04d000e326aad88ede21"
url = "https://github.com/sharkdp/numbat/releases/download/v1.23.0/numbat-v1.23.0-x86_64-pc-windows-msvc.zip"

[[tools.pi]]
version = "0.74.0"
backend = "github:badlogic/pi-mono"

[tools.pi."platforms.linux-arm64"]
checksum = "sha256:261aa912878ca983c903d9c4a0408310dd8637b583085651d9b5ddb70c9df572"
url = "https://github.com/earendil-works/pi/releases/download/v0.74.0/pi-linux-arm64.tar.gz"
url_api = "https://api.github.com/repos/earendil-works/pi/releases/assets/414593863"
github_attestations = "unavailable"

[tools.pi."platforms.linux-arm64-musl"]
checksum = "sha256:261aa912878ca983c903d9c4a0408310dd8637b583085651d9b5ddb70c9df572"
url = "https://github.com/earendil-works/pi/releases/download/v0.74.0/pi-linux-arm64.tar.gz"
url_api = "https://api.github.com/repos/earendil-works/pi/releases/assets/414593863"
github_attestations = "unavailable"

[tools.pi."platforms.linux-x64"]
checksum = "sha256:d67657a30d49c9faca80868d2a4bdba4dfcac04702893f45a6d14b249345eb8d"
url = "https://github.com/earendil-works/pi/releases/download/v0.74.0/pi-linux-x64.tar.gz"
url_api = "https://api.github.com/repos/earendil-works/pi/releases/assets/414593861"
github_attestations = "unavailable"

[tools.pi."platforms.linux-x64-musl"]
checksum = "sha256:d67657a30d49c9faca80868d2a4bdba4dfcac04702893f45a6d14b249345eb8d"
url = "https://github.com/earendil-works/pi/releases/download/v0.74.0/pi-linux-x64.tar.gz"
url_api = "https://api.github.com/repos/earendil-works/pi/releases/assets/414593861"
github_attestations = "unavailable"

[tools.pi."platforms.macos-arm64"]
checksum = "sha256:3063179823c6a985634312240c57015024316f7fe6661edd41f14c77d8b15e10"
url = "https://github.com/earendil-works/pi/releases/download/v0.74.0/pi-darwin-arm64.tar.gz"
url_api = "https://api.github.com/repos/earendil-works/pi/releases/assets/414593862"
github_attestations = "unavailable"

[tools.pi."platforms.macos-x64"]
checksum = "sha256:fa65c98f2c651ec2f89fb1a8a3dc9b987947bc9b102361a2f178862abacc7560"
url = "https://github.com/earendil-works/pi/releases/download/v0.74.0/pi-darwin-x64.tar.gz"
url_api = "https://api.github.com/repos/earendil-works/pi/releases/assets/414593859"
github_attestations = "unavailable"

[tools.pi."platforms.windows-x64"]
checksum = "sha256:0cbfb81e31b0fea0a4f88f95d05f3a32a782a686d54771ede30042ae42e9931f"
url = "https://github.com/earendil-works/pi/releases/download/v0.74.0/pi-windows-x64.zip"
url_api = "https://api.github.com/repos/earendil-works/pi/releases/assets/414593860"
github_attestations = "unavailable"

[[tools.tssh]]
version = "0.1.25"
backend = "aqua:trzsz/trzsz-ssh"

[tools.tssh."platforms.linux-arm64"]
checksum = "sha256:90dd14290ddcd47b4681708ebc1964b37fcd4a1df0c3728beaf4fc06896b7a14"
url = "https://github.com/trzsz/trzsz-ssh/releases/download/v0.1.25/tssh_0.1.25_linux_aarch64.tar.gz"

[tools.tssh."platforms.linux-arm64-musl"]
checksum = "sha256:90dd14290ddcd47b4681708ebc1964b37fcd4a1df0c3728beaf4fc06896b7a14"
url = "https://github.com/trzsz/trzsz-ssh/releases/download/v0.1.25/tssh_0.1.25_linux_aarch64.tar.gz"

[tools.tssh."platforms.linux-x64"]
checksum = "sha256:f1bcb660eae4ed20d098bc8c6192f4cdcfa2cab3d1908da0fdeb8c4da5604dcc"
url = "https://github.com/trzsz/trzsz-ssh/releases/download/v0.1.25/tssh_0.1.25_linux_x86_64.tar.gz"

[tools.tssh."platforms.linux-x64-musl"]
checksum = "sha256:f1bcb660eae4ed20d098bc8c6192f4cdcfa2cab3d1908da0fdeb8c4da5604dcc"
url = "https://github.com/trzsz/trzsz-ssh/releases/download/v0.1.25/tssh_0.1.25_linux_x86_64.tar.gz"

[tools.tssh."platforms.macos-arm64"]
checksum = "sha256:44f4e8359f731144bd1392701a04934aef7e97868212c4fec281751a4fe5ea2f"
url = "https://github.com/trzsz/trzsz-ssh/releases/download/v0.1.25/tssh_0.1.25_macos_aarch64.tar.gz"

[tools.tssh."platforms.macos-x64"]
checksum = "sha256:84558671b4f2550edfab76c6e57015f8cdc74ba3363b7b33e87fff07aa9b2f0d"
url = "https://github.com/trzsz/trzsz-ssh/releases/download/v0.1.25/tssh_0.1.25_macos_x86_64.tar.gz"

[tools.tssh."platforms.windows-x64"]
checksum = "sha256:a1ac7631ed567c3fb8edd4c66114aa0620aaca525980a689d341ec78060f5a29"
url = "https://github.com/trzsz/trzsz-ssh/releases/download/v0.1.25/tssh_0.1.25_windows_x86_64.zip"
