# @generated - this file is auto-generated by `mise lock` https://mise.en.dev/dev-tools/mise-lock.html

[[tools."aqua:ip7z/7zip"]]
version = "26.02"
backend = "aqua:ip7z/7zip"

[tools."aqua:ip7z/7zip"."platforms.linux-arm64"]
checksum = "sha256:70ea6cc737ae1495ea2d7eb20ef3120fe579bd3f1a83a9d2362b62ec5bde2bba"
url = "https://github.com/ip7z/7zip/releases/download/26.02/7z2602-linux-arm64.tar.xz"
url_api = "https://api.github.com/repos/ip7z/7zip/releases/assets/458363897"

[tools."aqua:ip7z/7zip"."platforms.linux-arm64-musl"]
checksum = "sha256:70ea6cc737ae1495ea2d7eb20ef3120fe579bd3f1a83a9d2362b62ec5bde2bba"
url = "https://github.com/ip7z/7zip/releases/download/26.02/7z2602-linux-arm64.tar.xz"
url_api = "https://api.github.com/repos/ip7z/7zip/releases/assets/458363897"

[tools."aqua:ip7z/7zip"."platforms.linux-x64"]
checksum = "sha256:41aaba7b1235304ab5aa0624530c67ae829496cd29e875925271efdccc28c03e"
url = "https://github.com/ip7z/7zip/releases/download/26.02/7z2602-linux-x64.tar.xz"
url_api = "https://api.github.com/repos/ip7z/7zip/releases/assets/458363910"

[tools."aqua:ip7z/7zip"."platforms.linux-x64-musl"]
checksum = "sha256:41aaba7b1235304ab5aa0624530c67ae829496cd29e875925271efdccc28c03e"
url = "https://github.com/ip7z/7zip/releases/download/26.02/7z2602-linux-x64.tar.xz"
url_api = "https://api.github.com/repos/ip7z/7zip/releases/assets/458363910"

[tools."aqua:ip7z/7zip"."platforms.macos-arm64"]
checksum = "sha256:1cf6760579502f87e591ff5c73a005ec50b3e4d6f507e8b038382d563c3175b9"
url = "https://github.com/ip7z/7zip/releases/download/26.02/7z2602-mac.tar.xz"
url_api = "https://api.github.com/repos/ip7z/7zip/releases/assets/458364002"

[tools."aqua:ip7z/7zip"."platforms.macos-x64"]
checksum = "sha256:1cf6760579502f87e591ff5c73a005ec50b3e4d6f507e8b038382d563c3175b9"
url = "https://github.com/ip7z/7zip/releases/download/26.02/7z2602-mac.tar.xz"
url_api = "https://api.github.com/repos/ip7z/7zip/releases/assets/458364002"

[tools."aqua:ip7z/7zip"."platforms.windows-x64"]
checksum = "sha256:081df9e9311dfd9c9e0e98c1c80180b99bb51e4cb24156b5f3057fe3c259d70a"
url = "https://github.com/ip7z/7zip/releases/download/26.02/7z2602-extra.7z"
url_api = "https://api.github.com/repos/ip7z/7zip/releases/assets/458363818"

[[tools."aqua:kdheepak/taskwarrior-tui"]]
version = "0.27.0"
backend = "aqua:kdheepak/taskwarrior-tui"

[tools."aqua:kdheepak/taskwarrior-tui"."platforms.linux-x64"]
checksum = "sha256:b10a64a977b9b289d79cc292af8b05bc9e8e2efd2b6dd64f0f449337c9c3d530"
url = "https://github.com/kdheepak/taskwarrior-tui/releases/download/v0.27.0/taskwarrior-tui-x86_64-unknown-linux-musl.tar.gz"
url_api = "https://api.github.com/repos/kdheepak/taskwarrior-tui/releases/assets/392369199"

[tools."aqua:kdheepak/taskwarrior-tui"."platforms.linux-x64-musl"]
checksum = "sha256:b10a64a977b9b289d79cc292af8b05bc9e8e2efd2b6dd64f0f449337c9c3d530"
url = "https://github.com/kdheepak/taskwarrior-tui/releases/download/v0.27.0/taskwarrior-tui-x86_64-unknown-linux-musl.tar.gz"
url_api = "https://api.github.com/repos/kdheepak/taskwarrior-tui/releases/assets/392369199"

[tools."aqua:kdheepak/taskwarrior-tui"."platforms.macos-arm64"]
checksum = "sha256:8ac868100d5141ed533f1716b4b7232e5ecaeb6756d148ea4d3bb9b259dddf91"
url = "https://github.com/kdheepak/taskwarrior-tui/releases/download/v0.27.0/taskwarrior-tui-x86_64-apple-darwin.tar.gz"
url_api = "https://api.github.com/repos/kdheepak/taskwarrior-tui/releases/assets/392369201"

[tools."aqua:kdheepak/taskwarrior-tui"."platforms.macos-x64"]
checksum = "sha256:8ac868100d5141ed533f1716b4b7232e5ecaeb6756d148ea4d3bb9b259dddf91"
url = "https://github.com/kdheepak/taskwarrior-tui/releases/download/v0.27.0/taskwarrior-tui-x86_64-apple-darwin.tar.gz"
url_api = "https://api.github.com/repos/kdheepak/taskwarrior-tui/releases/assets/392369201"

[tools."aqua:kdheepak/taskwarrior-tui"."platforms.windows-x64"]
checksum = "sha256:3bbbfc9f381df38cf1754057960bbe51030eaa52bf471a24ff4ec0f9553d38ed"
url = "https://github.com/kdheepak/taskwarrior-tui/releases/download/v0.27.0/taskwarrior-tui-x86_64-pc-windows-msvc.tar.gz"
url_api = "https://api.github.com/repos/kdheepak/taskwarrior-tui/releases/assets/392369196"

[[tools."cargo:findutils"]]
version = "0.10.0"
backend = "cargo:findutils"

[[tools.claude]]
version = "2.1.252"
backend = "aqua:anthropics/claude-code"

[tools.claude."platforms.linux-arm64"]
checksum = "sha256:fb9db286c4ff00d1d17e139ead18ef17ba6f0ad9ae1dd29f6f568dac23206220"
url = "https://github.com/anthropics/claude-code/releases/download/v2.1.252/claude-linux-arm64.tar.gz"
url_api = "https://api.github.com/repos/anthropics/claude-code/releases/assets/538283200"

[tools.claude."platforms.linux-arm64-musl"]
checksum = "sha256:0b0094ede6db35003ef0daede16e9408e610d41a72f41f7dafbe27d1a133b8b6"
url = "https://github.com/anthropics/claude-code/releases/download/v2.1.252/claude-linux-arm64-musl.tar.gz"
url_api = "https://api.github.com/repos/anthropics/claude-code/releases/assets/538283201"

[tools.claude."platforms.linux-x64"]
checksum = "sha256:ec803faf88d1e9087c2b59e6833150d1c09dc9dda5c5b7941c50e1482e81b909"
url = "https://github.com/anthropics/claude-code/releases/download/v2.1.252/claude-linux-x64.tar.gz"
url_api = "https://api.github.com/repos/anthropics/claude-code/releases/assets/538283255"

[tools.claude."platforms.linux-x64-musl"]
checksum = "sha256:48d19a978f9271c6ca00e8ec0ef282f2d9ef0864e3eafcca723d91ac4f4f1b2c"
url = "https://github.com/anthropics/claude-code/releases/download/v2.1.252/claude-linux-x64-musl.tar.gz"
url_api = "https://api.github.com/repos/anthropics/claude-code/releases/assets/538283204"

[tools.claude."platforms.macos-arm64"]
checksum = "sha256:5ec54c876c2088052e78a04205543a33c7c232ad5b075d46f639955f963432f8"
url = "https://github.com/anthropics/claude-code/releases/download/v2.1.252/claude-darwin-arm64.tar.gz"
url_api = "https://api.github.com/repos/anthropics/claude-code/releases/assets/538283203"

[tools.claude."platforms.macos-x64"]
checksum = "sha256:550fb44377f72e6b2eb3deb8631402c68174f563dfb3fe1c0f6482ccdd6f9f11"
url = "https://github.com/anthropics/claude-code/releases/download/v2.1.252/claude-darwin-x64.tar.gz"
url_api = "https://api.github.com/repos/anthropics/claude-code/releases/assets/538283202"

[tools.claude."platforms.windows-x64"]
checksum = "sha256:51c8e2e20e7a1e594ebba6f4ab855a71797a86ca396dcf77dc32745684c49407"
url = "https://github.com/anthropics/claude-code/releases/download/v2.1.252/claude-win32-x64.zip"
url_api = "https://api.github.com/repos/anthropics/claude-code/releases/assets/538283274"

[[tools.codex]]
version = "0.152.0"
backend = "aqua:openai/codex"

[tools.codex."platforms.linux-arm64"]
checksum = "sha256:af9777a8d62edeea31adfecbaa2a5b296bc57a4a0c3ed69c02e39c23744f5feb"
url = "https://github.com/openai/codex/releases/download/rust-v0.152.0/codex-package-aarch64-unknown-linux-musl.tar.gz"
url_api = "https://api.github.com/repos/openai/codex/releases/assets/538792584"

[tools.codex."platforms.linux-arm64-musl"]
checksum = "sha256:af9777a8d62edeea31adfecbaa2a5b296bc57a4a0c3ed69c02e39c23744f5feb"
url = "https://github.com/openai/codex/releases/download/rust-v0.152.0/codex-package-aarch64-unknown-linux-musl.tar.gz"
url_api = "https://api.github.com/repos/openai/codex/releases/assets/538792584"

[tools.codex."platforms.linux-x64"]
checksum = "sha256:352c24fbdc5aefaffde9c1df991b534b6bc72a06e49708794fc685fc3556c855"
url = "https://github.com/openai/codex/releases/download/rust-v0.152.0/codex-package-x86_64-unknown-linux-musl.tar.gz"
url_api = "https://api.github.com/repos/openai/codex/releases/assets/538792457"

[tools.codex."platforms.linux-x64-musl"]
checksum = "sha256:352c24fbdc5aefaffde9c1df991b534b6bc72a06e49708794fc685fc3556c855"
url = "https://github.com/openai/codex/releases/download/rust-v0.152.0/codex-package-x86_64-unknown-linux-musl.tar.gz"
url_api = "https://api.github.com/repos/openai/codex/releases/assets/538792457"

[tools.codex."platforms.macos-arm64"]
checksum = "sha256:5287a514213f8134210677cce51b23e2eaeaff1925362f18318e4268a5ab1d1b"
url = "https://github.com/openai/codex/releases/download/rust-v0.152.0/codex-package-aarch64-apple-darwin.tar.gz"
url_api = "https://api.github.com/repos/openai/codex/releases/assets/538792593"

[tools.codex."platforms.macos-x64"]
checksum = "sha256:161d9da66a0f97a93294d006f8066e6d5fad71cc9fe00f7d4ae111daf692b308"
url = "https://github.com/openai/codex/releases/download/rust-v0.152.0/codex-package-x86_64-apple-darwin.tar.gz"
url_api = "https://api.github.com/repos/openai/codex/releases/assets/538792508"

[tools.codex."platforms.windows-x64"]
checksum = "sha256:29aaa55bcc3573c9f5d6cc59c16a461c514179161af00c43c5b49857e3d31962"
url = "https://github.com/openai/codex/releases/download/rust-v0.152.0/codex-package-x86_64-pc-windows-msvc.tar.gz"
url_api = "https://api.github.com/repos/openai/codex/releases/assets/538792472"

[[tools.colima]]
version = "0.10.3"
backend = "aqua:abiosoft/colima"

[tools.colima."platforms.linux-arm64"]
checksum = "sha256:ebb69208007484ac36b8a6ba72a797189b0daa88f8b31bc2b563e82b9c91cb70"
url = "https://github.com/abiosoft/colima/releases/download/v0.10.3/colima-Linux-aarch64"
url_api = "https://api.github.com/repos/abiosoft/colima/releases/assets/438456730"

[tools.colima."platforms.linux-arm64-musl"]
checksum = "sha256:ebb69208007484ac36b8a6ba72a797189b0daa88f8b31bc2b563e82b9c91cb70"
url = "https://github.com/abiosoft/colima/releases/download/v0.10.3/colima-Linux-aarch64"
url_api = "https://api.github.com/repos/abiosoft/colima/releases/assets/438456730"

[tools.colima."platforms.linux-x64"]
checksum = "sha256:54ea35f4847815d0a1445dbc2bc3dd6469518a38a9e960449e96b044d248d00d"
url = "https://github.com/abiosoft/colima/releases/download/v0.10.3/colima-Linux-x86_64"
url_api = "https://api.github.com/repos/abiosoft/colima/releases/assets/438456720"

[tools.colima."platforms.linux-x64-musl"]
checksum = "sha256:54ea35f4847815d0a1445dbc2bc3dd6469518a38a9e960449e96b044d248d00d"
url = "https://github.com/abiosoft/colima/releases/download/v0.10.3/colima-Linux-x86_64"
url_api = "https://api.github.com/repos/abiosoft/colima/releases/assets/438456720"

[tools.colima."platforms.macos-arm64"]
checksum = "sha256:980ad8bf61a4ca370243f4cb41401a61276dcd2c2502bee7b9b86f9250169f34"
url = "https://github.com/abiosoft/colima/releases/download/v0.10.3/colima-Darwin-arm64"
url_api = "https://api.github.com/repos/abiosoft/colima/releases/assets/438456725"

[tools.colima."platforms.macos-x64"]
checksum = "sha256:3082737fe8a98afda11cba7d9a20b6e56fe80c6153464beda04bec630758770b"
url = "https://github.com/abiosoft/colima/releases/download/v0.10.3/colima-Darwin-x86_64"
url_api = "https://api.github.com/repos/abiosoft/colima/releases/assets/438456722"

[[tools."github:mat2cc/redis_tui"]]
version = "0.2.4"
backend = "github:mat2cc/redis_tui"

[tools."github:mat2cc/redis_tui"."platforms.linux-arm64"]
checksum = "sha256:7db55fae20728eea5b2c37aed2de885fc539305b6a76ab5e9095bfce5a9ee6f2"
url = "https://github.com/mat2cc/redis_tui/releases/download/v0.2.4/redis_tui_Linux_arm64.tar.gz"
url_api = "https://api.github.com/repos/mat2cc/redis_tui/releases/assets/247948150"

[tools."github:mat2cc/redis_tui"."platforms.linux-arm64-musl"]
checksum = "sha256:7db55fae20728eea5b2c37aed2de885fc539305b6a76ab5e9095bfce5a9ee6f2"
url = "https://github.com/mat2cc/redis_tui/releases/download/v0.2.4/redis_tui_Linux_arm64.tar.gz"
url_api = "https://api.github.com/repos/mat2cc/redis_tui/releases/assets/247948150"

[tools."github:mat2cc/redis_tui"."platforms.linux-x64"]
checksum = "sha256:5e1335b5bf0191892979c3a639fcd0492293b169b25c9ec2d43e3842be283b7f"
url = "https://github.com/mat2cc/redis_tui/releases/download/v0.2.4/redis_tui_Linux_x86_64.tar.gz"
url_api = "https://api.github.com/repos/mat2cc/redis_tui/releases/assets/247948148"

[tools."github:mat2cc/redis_tui"."platforms.linux-x64-musl"]
checksum = "sha256:5e1335b5bf0191892979c3a639fcd0492293b169b25c9ec2d43e3842be283b7f"
url = "https://github.com/mat2cc/redis_tui/releases/download/v0.2.4/redis_tui_Linux_x86_64.tar.gz"
url_api = "https://api.github.com/repos/mat2cc/redis_tui/releases/assets/247948148"

[tools."github:mat2cc/redis_tui"."platforms.macos-arm64"]
checksum = "sha256:889af2aa103aeff127544406e2ea5950f7092147168cc3da698ad662a350aa93"
url = "https://github.com/mat2cc/redis_tui/releases/download/v0.2.4/redis_tui_Darwin_arm64.tar.gz"
url_api = "https://api.github.com/repos/mat2cc/redis_tui/releases/assets/247948142"

[tools."github:mat2cc/redis_tui"."platforms.macos-x64"]
checksum = "sha256:f86b8150599eb51c6a5f8974fbd27d60ebb290950b04ce5f9a72a61f41242806"
url = "https://github.com/mat2cc/redis_tui/releases/download/v0.2.4/redis_tui_Darwin_x86_64.tar.gz"
url_api = "https://api.github.com/repos/mat2cc/redis_tui/releases/assets/247948145"

[tools."github:mat2cc/redis_tui"."platforms.windows-x64"]
checksum = "sha256:6c63711ddf17865f0c4d45abe3eaa73873702a8697537980c5e2aa231bc15801"
url = "https://github.com/mat2cc/redis_tui/releases/download/v0.2.4/redis_tui_Windows_x86_64.zip"
url_api = "https://api.github.com/repos/mat2cc/redis_tui/releases/assets/247948146"

[[tools.hyperfine]]
version = "1.20.0"
backend = "aqua:sharkdp/hyperfine"

[tools.hyperfine."platforms.linux-arm64"]
checksum = "sha256:90875cb1db7a1d797c311174d061728361e58fc70e3b62262a00635ac3b1997c"
url = "https://github.com/sharkdp/hyperfine/releases/download/v1.20.0/hyperfine-v1.20.0-aarch64-unknown-linux-gnu.tar.gz"
url_api = "https://api.github.com/repos/sharkdp/hyperfine/releases/assets/317832112"

[tools.hyperfine."platforms.linux-arm64-musl"]
checksum = "sha256:90875cb1db7a1d797c311174d061728361e58fc70e3b62262a00635ac3b1997c"
url = "https://github.com/sharkdp/hyperfine/releases/download/v1.20.0/hyperfine-v1.20.0-aarch64-unknown-linux-gnu.tar.gz"

[tools.hyperfine."platforms.linux-x64"]
checksum = "sha256:3285ec7959285288137043dd81dce0dde056227018a8277532d9a364b4f03c2b"
url = "https://github.com/sharkdp/hyperfine/releases/download/v1.20.0/hyperfine-v1.20.0-x86_64-unknown-linux-musl.tar.gz"
url_api = "https://api.github.com/repos/sharkdp/hyperfine/releases/assets/317832008"

[tools.hyperfine."platforms.linux-x64-musl"]
checksum = "sha256:3285ec7959285288137043dd81dce0dde056227018a8277532d9a364b4f03c2b"
url = "https://github.com/sharkdp/hyperfine/releases/download/v1.20.0/hyperfine-v1.20.0-x86_64-unknown-linux-musl.tar.gz"
url_api = "https://api.github.com/repos/sharkdp/hyperfine/releases/assets/317832008"

[tools.hyperfine."platforms.macos-arm64"]
checksum = "sha256:f58d0b90993fadfa122a351428c469ce24afef3865f027f0e6e86f0830d088f1"
url = "https://github.com/sharkdp/hyperfine/releases/download/v1.20.0/hyperfine-v1.20.0-x86_64-apple-darwin.tar.gz"
url_api = "https://api.github.com/repos/sharkdp/hyperfine/releases/assets/317832526"

[tools.hyperfine."platforms.macos-x64"]
checksum = "sha256:f58d0b90993fadfa122a351428c469ce24afef3865f027f0e6e86f0830d088f1"
url = "https://github.com/sharkdp/hyperfine/releases/download/v1.20.0/hyperfine-v1.20.0-x86_64-apple-darwin.tar.gz"
url_api = "https://api.github.com/repos/sharkdp/hyperfine/releases/assets/317832526"

[tools.hyperfine."platforms.windows-x64"]
checksum = "sha256:2508c549b049b1d4342d08edc1cb42bfac169082b6e3069431b5bab9822dbb32"
url = "https://github.com/sharkdp/hyperfine/releases/download/v1.20.0/hyperfine-v1.20.0-x86_64-pc-windows-msvc.zip"
url_api = "https://api.github.com/repos/sharkdp/hyperfine/releases/assets/317832313"

[[tools."npm:freebuff"]]
version = "0.0.163"
backend = "npm:freebuff"

[[tools.numbat]]
version = "1.24.0"
backend = "aqua:sharkdp/numbat"

[tools.numbat."platforms.linux-arm64"]
checksum = "sha256:8839d44db5b1b1cf805f8ff2a4335af6cdd9e9df96eebcf2ef11571e5fecab31"
url = "https://github.com/sharkdp/numbat/releases/download/v1.24.0/numbat-v1.24.0-arm-unknown-linux-musleabihf.tar.gz"
url_api = "https://api.github.com/repos/sharkdp/numbat/releases/assets/526573508"

[tools.numbat."platforms.linux-arm64-musl"]
checksum = "sha256:8839d44db5b1b1cf805f8ff2a4335af6cdd9e9df96eebcf2ef11571e5fecab31"
url = "https://github.com/sharkdp/numbat/releases/download/v1.24.0/numbat-v1.24.0-arm-unknown-linux-musleabihf.tar.gz"
url_api = "https://api.github.com/repos/sharkdp/numbat/releases/assets/526573508"

[tools.numbat."platforms.linux-x64"]
checksum = "sha256:ed45b8bce7b1b92d68ef8685ddeb17d5378749f34148d8ecc1384cdfeebc8620"
url = "https://github.com/sharkdp/numbat/releases/download/v1.24.0/numbat-v1.24.0-x86_64-unknown-linux-gnu.tar.gz"
url_api = "https://api.github.com/repos/sharkdp/numbat/releases/assets/526573044"

[tools.numbat."platforms.linux-x64-musl"]
checksum = "sha256:2025bc4196774336b774c1f7a9c6f45a003b9b2cbac62e577809ddd3a431c9ca"
url = "https://github.com/sharkdp/numbat/releases/download/v1.24.0/numbat-v1.24.0-x86_64-unknown-linux-musl.tar.gz"
url_api = "https://api.github.com/repos/sharkdp/numbat/releases/assets/526573070"

[tools.numbat."platforms.macos-arm64"]
checksum = "sha256:947e0d6e2dbff56a3d6c85282787b62013502a6d35d317d919e09f620433d177"
url = "https://github.com/sharkdp/numbat/releases/download/v1.24.0/numbat-v1.24.0-aarch64-apple-darwin.tar.gz"
url_api = "https://api.github.com/repos/sharkdp/numbat/releases/assets/526572313"

[tools.numbat."platforms.macos-x64"]
checksum = "sha256:5894c60d674732a4fccfdc248539f101c8e2944805505f3f7591ed588cd84ef1"
url = "https://github.com/sharkdp/numbat/releases/download/v1.24.0/numbat-v1.24.0-x86_64-apple-darwin.tar.gz"
url_api = "https://api.github.com/repos/sharkdp/numbat/releases/assets/526573130"

[tools.numbat."platforms.windows-x64"]
checksum = "sha256:450027111a5df0dd3ee4ce97a557c4847fc76b05851fccb9e26e875433084049"
url = "https://github.com/sharkdp/numbat/releases/download/v1.24.0/numbat-v1.24.0-x86_64-pc-windows-msvc.zip"
url_api = "https://api.github.com/repos/sharkdp/numbat/releases/assets/526574895"

[[tools.pi]]
version = "0.84.4"
backend = "github:badlogic/pi-mono"

[tools.pi."platforms.linux-arm64"]
checksum = "sha256:135580f6b942151646e67b8b866d987d28ce3cff5a497030775ddd29659f943d"
url = "https://github.com/earendil-works/pi/releases/download/v0.84.4/pi-linux-arm64.tar.gz"
url_api = "https://api.github.com/repos/earendil-works/pi/releases/assets/534389947"

[tools.pi."platforms.linux-arm64-musl"]
checksum = "sha256:135580f6b942151646e67b8b866d987d28ce3cff5a497030775ddd29659f943d"
url = "https://github.com/earendil-works/pi/releases/download/v0.84.4/pi-linux-arm64.tar.gz"
url_api = "https://api.github.com/repos/earendil-works/pi/releases/assets/534389947"

[tools.pi."platforms.linux-x64"]
checksum = "sha256:c2f3c3e6a1850bd87654cc3ca8811013272397c3d042a4e2a64c43ee1b423972"
url = "https://github.com/earendil-works/pi/releases/download/v0.84.4/pi-linux-x64.tar.gz"
url_api = "https://api.github.com/repos/earendil-works/pi/releases/assets/534389946"

[tools.pi."platforms.linux-x64-musl"]
checksum = "sha256:c2f3c3e6a1850bd87654cc3ca8811013272397c3d042a4e2a64c43ee1b423972"
url = "https://github.com/earendil-works/pi/releases/download/v0.84.4/pi-linux-x64.tar.gz"
url_api = "https://api.github.com/repos/earendil-works/pi/releases/assets/534389946"

[tools.pi."platforms.macos-arm64"]
checksum = "sha256:c68e3ac4d05b4e282aaab2e6c76f161d3e9e68f19a22e38913cbfaadb6c800f0"
url = "https://github.com/earendil-works/pi/releases/download/v0.84.4/pi-darwin-arm64.tar.gz"
url_api = "https://api.github.com/repos/earendil-works/pi/releases/assets/534389952"

[tools.pi."platforms.macos-x64"]
checksum = "sha256:7a042d6413065421387001a4986190a1a03186c95a695f4dee0bdc76e60de8f7"
url = "https://github.com/earendil-works/pi/releases/download/v0.84.4/pi-darwin-x64.tar.gz"
url_api = "https://api.github.com/repos/earendil-works/pi/releases/assets/534389948"

[tools.pi."platforms.windows-x64"]
checksum = "sha256:03b2318774f18721e959d9f8f3340a9f942e7aa516fb7030d3007a12a40a4a97"
url = "https://github.com/earendil-works/pi/releases/download/v0.84.4/pi-windows-x64.zip"
url_api = "https://api.github.com/repos/earendil-works/pi/releases/assets/534389959"

[[tools.tssh]]
version = "0.1.26"
backend = "aqua:trzsz/trzsz-ssh"

[tools.tssh."platforms.linux-arm64"]
checksum = "sha256:aa87c3022096b1ac6f583e1af04675419ec777ec3336a34d353efce73b75a0a9"
url = "https://github.com/trzsz/trzsz-ssh/releases/download/v0.1.26/tssh_0.1.26_linux_aarch64.tar.gz"
url_api = "https://api.github.com/repos/trzsz/trzsz-ssh/releases/assets/489891253"

[tools.tssh."platforms.linux-arm64-musl"]
checksum = "sha256:aa87c3022096b1ac6f583e1af04675419ec777ec3336a34d353efce73b75a0a9"
url = "https://github.com/trzsz/trzsz-ssh/releases/download/v0.1.26/tssh_0.1.26_linux_aarch64.tar.gz"
url_api = "https://api.github.com/repos/trzsz/trzsz-ssh/releases/assets/489891253"

[tools.tssh."platforms.linux-x64"]
checksum = "sha256:e01cfacb5fef97b4eb2b5521ad2c9c27ec4892088ae75d329bcef9e290723301"
url = "https://github.com/trzsz/trzsz-ssh/releases/download/v0.1.26/tssh_0.1.26_linux_x86_64.tar.gz"
url_api = "https://api.github.com/repos/trzsz/trzsz-ssh/releases/assets/489891254"

[tools.tssh."platforms.linux-x64-musl"]
checksum = "sha256:e01cfacb5fef97b4eb2b5521ad2c9c27ec4892088ae75d329bcef9e290723301"
url = "https://github.com/trzsz/trzsz-ssh/releases/download/v0.1.26/tssh_0.1.26_linux_x86_64.tar.gz"
url_api = "https://api.github.com/repos/trzsz/trzsz-ssh/releases/assets/489891254"

[tools.tssh."platforms.macos-arm64"]
checksum = "sha256:12747b324134c41dd6a7c3780914703742ad0f0c2faa39560f8cd03608a15d88"
url = "https://github.com/trzsz/trzsz-ssh/releases/download/v0.1.26/tssh_0.1.26_macos_aarch64.tar.gz"
url_api = "https://api.github.com/repos/trzsz/trzsz-ssh/releases/assets/489891260"

[tools.tssh."platforms.macos-x64"]
checksum = "sha256:04ef663f1ef9f1c46298264b04d51a9f6920e5df460a5f3e1bacdb68c3ac58cb"
url = "https://github.com/trzsz/trzsz-ssh/releases/download/v0.1.26/tssh_0.1.26_macos_x86_64.tar.gz"
url_api = "https://api.github.com/repos/trzsz/trzsz-ssh/releases/assets/489891252"

[tools.tssh."platforms.windows-x64"]
checksum = "sha256:15f788e31d08176028d179aa6c9ad0c89b995d6986ce280a50c66fd0c91397da"
url = "https://github.com/trzsz/trzsz-ssh/releases/download/v0.1.26/tssh_0.1.26_windows_x86_64.zip"
url_api = "https://api.github.com/repos/trzsz/trzsz-ssh/releases/assets/489891264"
