[tools."aqua:atuinsh/atuin"]
version = "18.6.1"
backend = "aqua:atuinsh/atuin"

[tools."aqua:atuinsh/atuin".checksums]
"atuin-aarch64-apple-darwin.tar.gz" = "sha256:649f1ea17a11d150c18c52341e7dbe18fdec551e38ca824b0cf6e9a7553dbf1d"
"atuin-aarch64-unknown-linux-musl.tar.gz" = "sha256:42b7d9bde8bf2d04832c1b2ceea1d3d89ecd762a40623d92a7197d2287fff82b"

[tools."aqua:dlvhdr/gh-dash"]
version = "4.16.0"
backend = "aqua:dlvhdr/gh-dash"

[tools."aqua:dlvhdr/gh-dash".checksums]
"gh-dash_v4.16.0_darwin-arm64" = "sha256:5ea74565e168484e573e82aced56893ae7fc1f8cd7feddb5665cf3d5671351c6"

[tools."aqua:jorgerojas26/lazysql"]
version = "0.3.7"
backend = "aqua:jorgerojas26/lazysql"

[tools."aqua:jorgerojas26/lazysql".checksums]
"lazysql_Darwin_arm64.tar.gz" = "sha256:32227b48bb7a6ce57a52334810a91464d317c70de7bd66926832842827647028"

[tools."aqua:zk-org/zk"]
version = "0.15.1"
backend = "aqua:zk-org/zk"

[tools."aqua:zk-org/zk".checksums]
"zk-v0.15.1-linux-arm64.tar.gz" = "sha256:19460e19e3389220015aa98ca849449d9c739ffd6f45c1935b0cd2d149424ce5"

[tools.bat]
version = "0.25.0"
backend = "ubi:sharkdp/bat"

[tools.bat.checksums]
bat-linux-aarch64 = "sha256:1eb51d68dbe56cd55c50bccc6438794028432ea0bca4d06910a2a0f7532b64a1"
bat-macos-aarch64 = "sha256:0d17225e26fe164e0c681e06a0ccf7fd7e479a987eca1c1503c8473a2ac6d207"

[tools.bottom]
version = "0.10.2"
backend = "aqua:ClementTsang/bottom"

[tools.bottom.checksums]
"bottom_aarch64-unknown-linux-musl.tar.gz" = "sha256:6ac953d3d95d06aa1864c85ba99bdca2e9d9b8f1ff0619213c980714b1a641f7"

[tools.coreutils]
version = "0.1.0"
backend = "aqua:uutils/coreutils"

[tools.coreutils.checksums]
"coreutils-0.1.0-aarch64-unknown-linux-musl.tar.gz" = "sha256:6572292ee74bb6a7efa88f05d0d0a7a5c696bae0ae341a438b983ae7775c9d47"

[tools.direnv]
version = "2.36.0"
backend = "aqua:direnv/direnv"

[tools.direnv.checksums]
"direnv.linux-arm64" = "sha256:c00a71cdb6ebb28e8232e70a7147dfab40c6f694406729c2d0430bdba79fce10"

[tools.dua]
version = "2.30.1"
backend = "aqua:Byron/dua-cli"

[tools.dua.checksums]
"dua-v2.30.1-aarch64-unknown-linux-musl.tar.gz" = "sha256:1e90817a0ee84b64ecc8cbd7076f8ef53caa47a96191ef2abec70195e105cf83"

[tools.duf]
version = "0.8.1"
backend = "aqua:muesli/duf"

[tools.duf.checksums]
"duf_0.8.1_linux_arm64.tar.gz" = "sha256:66d304427bb30e5766e66e740394b0b07bd852b64cc5cda755eab33adf853e72"

[tools.dust]
version = "1.2.1"
backend = "ubi:bootandy/dust"

[tools.dust.checksums]
dust-linux-aarch64 = "sha256:2545abb9112315c4323ea9d3b9db5efadfc99e893c661a6dd1e8da474ff4e973"

[tools.fd]
version = "10.2.0"
backend = "aqua:sharkdp/fd"

[tools.fd.checksums]
"fd-v10.2.0-aarch64-unknown-linux-musl.tar.gz" = "sha256:4e8e596646d047d904f2c5ca74b39dccc69978b6e1fb101094e534b0b59c1bb0"

[tools.fzf]
version = "0.63.0"
backend = "aqua:junegunn/fzf"

[tools.fzf.checksums]
"fzf-0.63.0-darwin_arm64.tar.gz" = "sha256:2f3a1ac15ee28df1e23112bcc3eacf2d2488d1d2d0477159a4c3b21338b4ea91"

[tools.gh]
version = "2.74.2"
backend = "aqua:cli/cli"

[tools.gh.checksums]
"gh_2.74.2_macOS_arm64.zip" = "sha256:42dceea5beae957a8a9545e38043a6d75fa3b5505fdcea75a278f873f0845b26"

[tools.gitui]
version = "0.27.0"
backend = "aqua:extrawurst/gitui"

[tools.gitui.checksums]
"gitui-linux-aarch64.tar.gz" = "sha256:56116e278c618c054e7575adf3b357504c75fa1b5a3ecb9314504d521c07a008"

[tools.glab]
version = "1.61.0"
backend = "ubi:gitlab-org/cli[provider=gitlab,exe=glab]"

[tools.glab.checksums]
glab-glab-macos-aarch64 = "sha256:c0087e1568012448e9d3bc58c78d114fd74513bb467c52c5a040b29c08604b99"

[tools.hyperfine]
version = "1.19.0"
backend = "aqua:sharkdp/hyperfine"

[tools.hyperfine.checksums]
"hyperfine-v1.19.0-x86_64-apple-darwin.tar.gz" = "sha256:80ad420c0a9a5d090f6ca0ddc9305a139d57ba6b6e8e7adf22c800389baf3ab6"

[tools.jq]
version = "1.8.0"
backend = "aqua:jqlang/jq"

[tools.jq.checksums]
jq-macos-arm64 = "sha256:aaf1efbb376d6e3eaf61f63807c32c1df519f5857dfc4f581826fa2df4b715ae"

[tools.lazydocker]
version = "0.24.1"
backend = "aqua:jesseduffield/lazydocker"

[tools.lazydocker.checksums]
"lazydocker_0.24.1_Linux_arm64.tar.gz" = "sha256:c38e715f2cb56440bec16e3744005522c1d13c47d2e3730572849dc69cefd8ae"

[tools.lazygit]
version = "0.52.0"
backend = "aqua:jesseduffield/lazygit"

[tools.lazygit.checksums]
"lazygit_0.52.0_Linux_arm64.tar.gz" = "sha256:246b09c221f3b29e8e0e2828c4a74bd2bb67e61c903e0b96c05cd464c62b8765"

[tools.neovim]
version = "0.11.2"
backend = "aqua:neovim/neovim"

[tools.neovim.checksums]
"nvim-linux-arm64.tar.gz" = "sha256:8a832289ba2a17918b7a893160fcc4b24ba87141a5a07cdbb7304d53834c0c40"

[tools.node]
version = "24.3.0"
backend = "core:node"

[tools.node.checksums]
"node-v24.3.0-darwin-arm64.tar.gz" = "sha256:fee91aa5febeda47ef9f6c0afd2f2bcd3dacb0e656c29de0b5274e0ea1ca3565"

[tools.ripgrep]
version = "14.1.1"
backend = "aqua:BurntSushi/ripgrep"

[tools.ripgrep.checksums]
"ripgrep-14.1.1-aarch64-unknown-linux-gnu.tar.gz" = "sha256:c827481c4ff4ea10c9dc7a4022c8de5db34a5737cb74484d62eb94a95841ab2f"

[tools.tree-sitter]
version = "0.25.6"
backend = "aqua:tree-sitter/tree-sitter"

[tools.tree-sitter.checksums]
"tree-sitter-macos-arm64.gz" = "sha256:4e6a8892b4b67eff13fc125ba8fc552d75ce02c1ed24bb634d3eb15f2d315356"

[tools.usage]
version = "2.1.1"
backend = "ubi:jdx/usage"

[tools.usage.checksums]
usage-linux-aarch64 = "sha256:3634d68028c74acfba57275c370513ca84c1ace25fca7d4fd3d8b282fecb18af"

[tools.uv]
version = "0.7.16"
backend = "aqua:astral-sh/uv"

[tools.uv.checksums]
"uv-aarch64-apple-darwin.tar.gz" = "sha256:a157919a2a615fac5de0fcef5120a63de7e6582fb6e0ae4428238af347ed1054"

[tools.yazi]
version = "25.5.31"
backend = "aqua:sxyazi/yazi"

[tools.yazi.checksums]
"yazi-aarch64-unknown-linux-musl.zip" = "sha256:9a838ff2d028c70d4eb4c502a75fc963ad92d2e1353133f20d9f6d5cafb9c4d6"

[tools.yq]
version = "4.45.4"
backend = "aqua:mikefarah/yq"

[tools.yq.checksums]
yq_linux_arm64 = "sha256:a02cc637409db44a9f9cb55ea92c40019582ba88083c4d930a727ec4b59ed439"

[tools.zellij]
version = "0.42.2"
backend = "ubi:zellij-org/zellij"

[tools.zellij.checksums]
zellij-linux-aarch64 = "sha256:edc198f939b87fee165dde2773ba1818ca52a11f29a42986945aa6a8371c888e"

[tools.zoxide]
version = "0.9.8"
backend = "ubi:ajeetdsouza/zoxide"

[tools.zoxide.checksums]
zoxide-linux-aarch64 = "sha256:1bdc1d232836c34f4f8c4228953770ee9259697d465a43dee4dd542d4f342134"
