[[tools."aqua:ip7z/7zip"]]
version = "25.01"
backend = "aqua:ip7z/7zip"

[tools."aqua:ip7z/7zip".platforms.linux-arm64]
checksum = "blake3:f170e6f1587086fe89f759e4f2846a2bd1420b57435612cee8ac85f506de0cc6"
size = 1326736
url = "https://github.com/ip7z/7zip/releases/download/25.01/7z2501-linux-arm64.tar.xz"

[[tools."cargo:aws/amazon-q-developer-cli"]]
version = "tag:v1.19.2"
backend = "cargo:aws/amazon-q-developer-cli"

[[tools."cargo:findutils"]]
version = "0.8.0"
backend = "cargo:findutils"

[[tools.ffmpeg]]
version = "8.0"
backend = "asdf:ffmpeg"

[[tools."github:mat2cc/redis_tui"]]
version = "0.2.4"
backend = "github:mat2cc/redis_tui"

[tools."github:mat2cc/redis_tui".platforms.linux-x64]
checksum = "blake3:4e3c57ee8dacfcb9fbf1483859f87e003376d6336e3066eb7f2b23192cd8f917"
name = "redis_tui_Linux_x86_64.tar.gz"
size = 4454249
url = "https://github.com/mat2cc/redis_tui/releases/download/v0.2.4/redis_tui_Linux_x86_64.tar.gz"
url_api = "https://api.github.com/repos/mat2cc/redis_tui/releases/assets/247948148"

[[tools.hyperfine]]
version = "1.19.0"
backend = "aqua:sharkdp/hyperfine"

[tools.hyperfine.platforms.linux-arm64]
checksum = "blake3:bccb6f93e3d216586b299cb42e0b81f683ef1dd45fcc11dd7fb804652ce0a56a"
size = 605877
url = "https://github.com/sharkdp/hyperfine/releases/download/v1.19.0/hyperfine-v1.19.0-aarch64-unknown-linux-gnu.tar.gz"

[[tools.numbat]]
version = "1.16.0"
backend = "aqua:sharkdp/numbat"

[tools.numbat.platforms.linux-x64]
checksum = "blake3:f5431f06b04b71927309561b4b85b996ec56210a8bbe25a2c88ce1d8f4f7a415"
size = 2974038
url = "https://github.com/sharkdp/numbat/releases/download/v1.16.0/numbat-v1.16.0-x86_64-unknown-linux-musl.tar.gz"

[tools.numbat.platforms.macos-arm64]
checksum = "blake3:9822a13603a8effc61ae9b64a68d0cb4e1a2b5fc219739142e19c199371254e9"
size = 2615002
url = "https://github.com/sharkdp/numbat/releases/download/v1.16.0/numbat-v1.16.0-aarch64-apple-darwin.tar.gz"

[[tools.tssh]]
version = "0.1.23"
backend = "aqua:trzsz/trzsz-ssh"

[tools.tssh.platforms.linux-x64]
checksum = "sha256:f2049a174c6e2ba1b6bc0451985c5207f204c04d30339f9714425d58b296cb20"
size = 6312809
url = "https://github.com/trzsz/trzsz-ssh/releases/download/v0.1.23/tssh_0.1.23_linux_x86_64.tar.gz"

[tools.tssh.platforms.macos-arm64]
checksum = "sha256:06ee8b76e9d59cce6318ddb2f82d194d6700c068d1b5d1914cc1a3dd91c75908"
size = 6592339
url = "https://github.com/trzsz/trzsz-ssh/releases/download/v0.1.23/tssh_0.1.23_macos_aarch64.tar.gz"
