[[tools.aichat]]
version = "0.30.0"
backend = "aqua:sigoden/aichat"

[tools.aichat.platforms.linux-arm64]
checksum = "blake3:ea7218da4dea9f512a16a7c934cfbe38d6403de5648eb81591b4839e2990622a"
size = 5464580
url = "https://github.com/sigoden/aichat/releases/download/v0.30.0/aichat-v0.30.0-aarch64-unknown-linux-musl.tar.gz"

[[tools."aqua:charmbracelet/crush"]]
version = "0.10.2"
backend = "aqua:charmbracelet/crush"

[tools."aqua:charmbracelet/crush".platforms.linux-x64]
checksum = "sha256:5cd2c916b4c486df7b706154961e0a1b026c53162254a6a80f6c490a31e66b39"
size = 16905016
url = "https://github.com/charmbracelet/crush/releases/download/v0.10.2/crush_0.10.2_Linux_x86_64.tar.gz"

[tools."aqua:charmbracelet/crush".platforms.macos-arm64]
checksum = "sha256:fff406b6e5ee84ac8f9126890fdc915095e3a3bcff98efc11688aa0db528b3b4"
size = 16266456
url = "https://github.com/charmbracelet/crush/releases/download/v0.10.2/crush_0.10.2_Darwin_arm64.tar.gz"

[[tools."aqua:dlvhdr/gh-dash"]]
version = "4.16.2"
backend = "aqua:dlvhdr/gh-dash"

[tools."aqua:dlvhdr/gh-dash".platforms.linux-arm64]
checksum = "sha256:9d077b0cc7f1a19e5fe3f66496ed192323f88d0cd98339c99085a26ae9d6017d"
size = 18809016
url = "https://github.com/dlvhdr/gh-dash/releases/download/v4.16.2/gh-dash_v4.16.2_linux-arm64"

[tools."aqua:dlvhdr/gh-dash".platforms.macos-arm64]
checksum = "sha256:eaf9c6fa99576774c5f5f61774c07938e2f360a69cd5d115871126cbc7885007"
size = 19429506
url = "https://github.com/dlvhdr/gh-dash/releases/download/v4.16.2/gh-dash_v4.16.2_darwin-arm64"

[[tools."aqua:gitui-org/gitui"]]
version = "0.27.0"
backend = "aqua:gitui-org/gitui"

[tools."aqua:gitui-org/gitui".platforms.linux-arm64]
checksum = "blake3:c9105b081aaa36854eea38606f664b6b960ee6c7edf8af135993a3909989e13b"
size = 5916903
url = "https://github.com/gitui-org/gitui/releases/download/v0.27.0/gitui-linux-aarch64.tar.gz"

[[tools."aqua:jorgerojas26/lazysql"]]
version = "0.4.2"
backend = "aqua:jorgerojas26/lazysql"

[tools."aqua:jorgerojas26/lazysql".platforms.linux-x64]
checksum = "sha256:86735b2c4a80aab1d993e51a48bae723d3d8b98b2ee5cc4de99015ddf60373ae"
size = 5575579
url = "https://github.com/jorgerojas26/lazysql/releases/download/v0.4.2/lazysql_Linux_x86_64.tar.gz"

[tools."aqua:jorgerojas26/lazysql".platforms.macos-arm64]
checksum = "sha256:ab1b054a83d8bc2f3c5d4a7c43918987edd95bec8b364db41916bd9dbc40ea08"
size = 5372313
url = "https://github.com/jorgerojas26/lazysql/releases/download/v0.4.2/lazysql_Darwin_arm64.tar.gz"

[[tools."aqua:zk-org/zk"]]
version = "0.15.1"
backend = "aqua:zk-org/zk"

[tools."aqua:zk-org/zk".platforms.linux-arm64]
checksum = "blake3:26f804b05f21088e77fe4d2d54f10d7e4089130871c459d29c2741bcde2279ad"
size = 9688306
url = "https://github.com/zk-org/zk/releases/download/v0.15.1/zk-v0.15.1-linux-arm64.tar.gz"

[[tools.atuin]]
version = "18.8.0"
backend = "aqua:atuinsh/atuin"

[tools.atuin.platforms.linux-arm64]
checksum = "sha256:d6270f44b11ee3aa781a7ba4d9e947e8569e3b8073f3c0eae5e41c4a69d859f4"
size = 13833762
url = "https://github.com/atuinsh/atuin/releases/download/v18.8.0/atuin-aarch64-unknown-linux-musl.tar.gz"

[tools.atuin.platforms.macos-arm64]
checksum = "sha256:639093c091d19077b06b52b098236075feee878f8409858adb1f875986b8c195"
size = 12509150
url = "https://github.com/atuinsh/atuin/releases/download/v18.8.0/atuin-aarch64-apple-darwin.tar.gz"

[[tools.bat]]
version = "0.25.0"
backend = "ubi:sharkdp/bat"

[tools.bat.platforms.linux-arm64-bat]
checksum = "blake3:8ed6417a16273fcb859c46fbaf7e9c7487e06e8e50fcd0c988f8f88ff3d09bcd"

[[tools.bottom]]
version = "0.11.1"
backend = "aqua:ClementTsang/bottom"

[tools.bottom.platforms.linux-arm64]
checksum = "blake3:0f078e5ee93c87e00736e99fc8aa33e92f548b21800e13cce11f88747c75d98e"
size = 1939946
url = "https://github.com/ClementTsang/bottom/releases/download/0.11.1/bottom_aarch64-unknown-linux-musl.tar.gz"

[tools.bottom.platforms.macos-arm64]
checksum = "blake3:a4a924b78400e5eb8d14af363837e97b5b289cbd8204691ec9657fb584b385e6"
size = 1781908
url = "https://github.com/ClementTsang/bottom/releases/download/0.11.1/bottom_aarch64-apple-darwin.tar.gz"

[[tools.carapace]]
version = "1.5.0"
backend = "aqua:carapace-sh/carapace-bin"

[tools.carapace.platforms.linux-arm64]
checksum = "sha256:392ea4c6147d294029a2371eed8e005e5ca266d37a4b55e188905d9ccc4a4e51"
size = 12014179
url = "https://github.com/carapace-sh/carapace-bin/releases/download/v1.5.0/carapace-bin_1.5.0_linux_arm64.tar.gz"

[tools.carapace.platforms.linux-x64]
checksum = "sha256:08765d2f79c4d3a88d56204ef417c529eb118d2b056ff65948c8202db6a956eb"
size = 12919827
url = "https://github.com/carapace-sh/carapace-bin/releases/download/v1.5.0/carapace-bin_1.5.0_linux_amd64.tar.gz"

[tools.carapace.platforms.macos-arm64]
checksum = "sha256:d16842cca75720c4f97e3d0238874d03cf48173783c8dc0d809ec7338f4f344a"
size = 12633887
url = "https://github.com/carapace-sh/carapace-bin/releases/download/v1.5.0/carapace-bin_1.5.0_darwin_arm64.tar.gz"

[[tools.cargo-binstall]]
version = "1.15.6"
backend = "aqua:cargo-bins/cargo-binstall"

[tools.cargo-binstall.platforms.linux-x64]
checksum = "blake3:779d104f2f8a3b840a2a56659e3da44f96419d7a5378555b9c3dabe756ac4271"
size = 6770808
url = "https://github.com/cargo-bins/cargo-binstall/releases/download/v1.15.6/cargo-binstall-x86_64-unknown-linux-musl.tgz"

[tools.cargo-binstall.platforms.macos-arm64]
checksum = "blake3:a9ec69060311d1073e50f2028b44a36f6d7b544183648adb5854fd235875d910"
size = 5996733
url = "https://github.com/cargo-bins/cargo-binstall/releases/download/v1.15.6/cargo-binstall-aarch64-apple-darwin.zip"

[[tools."cargo:diffutils"]]
version = "0.4.2"
backend = "cargo:diffutils"

[[tools."cargo:git-graph"]]
version = "0.6.0"
backend = "cargo:git-graph"

[[tools."cargo:somo"]]
version = "1.2.0"
backend = "cargo:somo"

[[tools."cargo:tlrc"]]
version = "1.11.1"
backend = "cargo:tlrc"

[[tools.chezmoi]]
version = "2.65.2"
backend = "ubi:twpayne/chezmoi"

[tools.chezmoi.platforms.linux-x64-chezmoi]
checksum = "blake3:5dfec568e6268dddf0bf4c5d4a537dba7de1fc581f24c1eb0ed36e83b2044153"

[tools.chezmoi.platforms.macos-arm64-chezmoi]
checksum = "blake3:369649a853db70c99fa545652beacc81e02102b9c1511878a10fe1f54e89bf88"

[[tools.codebuff]]
version = "1.0.496"
backend = "npm:codebuff"

[[tools.coreutils]]
version = "0.2.2"
backend = "aqua:uutils/coreutils"

[tools.coreutils.platforms.linux-x64]
checksum = "blake3:c209881eff54755ac2043d4aaf0d34680be9163b6555b81c737ab269d5553ff0"
size = 5461853
url = "https://github.com/uutils/coreutils/releases/download/0.2.2/coreutils-0.2.2-x86_64-unknown-linux-musl.tar.gz"

[tools.coreutils.platforms.macos-arm64]
checksum = "blake3:3788b6c6912d16224e875dfc579820ae2b57af51c1be4630840c4f69451e2aa2"
size = 4418677
url = "https://github.com/uutils/coreutils/releases/download/0.2.2/coreutils-0.2.2-aarch64-apple-darwin.tar.gz"

[[tools.cosign]]
version = "2.6.0"
backend = "aqua:sigstore/cosign"

[tools.cosign.platforms.linux-x64]
checksum = "sha256:ea5c65f99425d6cfbb5c4b5de5dac035f14d09131c1a0ea7c7fc32eab39364f9"
size = 155329864
url = "https://github.com/sigstore/cosign/releases/download/v2.6.0/cosign-linux-amd64"

[tools.cosign.platforms.macos-arm64]
checksum = "sha256:dea5b83b8b375b99ac803c7bdb1f798963dbeb47789ceb72153202e7f20e8d07"
size = 154611890
url = "https://github.com/sigstore/cosign/releases/download/v2.6.0/cosign-darwin-arm64"

[[tools.direnv]]
version = "2.37.1"
backend = "aqua:direnv/direnv"

[tools.direnv.platforms.linux-arm64]
checksum = "blake3:e6edd6b534ed664e084d72ae81ded52c437e1d57aae1f8420531a8293635afce"
size = 7667896
url = "https://github.com/direnv/direnv/releases/download/v2.37.1/direnv.linux-arm64"

[[tools.dua]]
version = "2.32.0"
backend = "aqua:Byron/dua-cli"

[tools.dua.platforms.macos-arm64]
checksum = "blake3:b3030dab15f1dd19255b2a1b8a09fc99703c87073ca47d421b57717502940cda"
size = 1022092
url = "https://github.com/Byron/dua-cli/releases/download/v2.32.0/dua-v2.32.0-x86_64-apple-darwin.tar.gz"

[[tools.duf]]
version = "0.9.1"
backend = "aqua:muesli/duf"

[tools.duf.platforms.linux-arm64]
checksum = "sha256:22ea0ad29f6610bf443aa351e600de97e47a9b380ef58316606a84bb8f595216"
size = 1189297
url = "https://github.com/muesli/duf/releases/download/v0.9.1/duf_0.9.1_linux_arm64.tar.gz"

[tools.duf.platforms.linux-x64]
checksum = "sha256:5add851e7062c5e56939abb664705e4d14fa2d06289490aff31d51f153832de7"
size = 1285584
url = "https://github.com/muesli/duf/releases/download/v0.9.1/duf_0.9.1_linux_x86_64.tar.gz"

[tools.duf.platforms.macos-arm64]
checksum = "sha256:512ba0ff3585bb8c65841de557a4c4b8712332db005dc952fa98d373a05d01df"
size = 1212705
url = "https://github.com/muesli/duf/releases/download/v0.9.1/duf_0.9.1_darwin_arm64.tar.gz"

[[tools.dust]]
version = "1.2.3"
backend = "ubi:bootandy/dust"

[tools.dust.platforms.linux-arm64-dust]
checksum = "blake3:b2ff411a57fdb89d684cd34b091b03c9a27496633f700ae72cc43f5d521812de"

[[tools.fd]]
version = "10.3.0"
backend = "aqua:sharkdp/fd"

[tools.fd.platforms.linux-arm64]
checksum = "blake3:e5ca6076622e1aa87c6537a2d37f47c6ac0c4dfd9d5a2c6942e8b06ee71ca71c"
size = 1608477
url = "https://github.com/sharkdp/fd/releases/download/v10.3.0/fd-v10.3.0-aarch64-unknown-linux-musl.tar.gz"

[tools.fd.platforms.macos-arm64]
checksum = "blake3:e7a554aed4fea189f2aa297e82087ceaebb844eac55a2503e5321cce88fbb636"
size = 1337349
url = "https://github.com/sharkdp/fd/releases/download/v10.3.0/fd-v10.3.0-aarch64-apple-darwin.tar.gz"

[[tools.fzf]]
version = "0.65.2"
backend = "aqua:junegunn/fzf"

[tools.fzf.platforms.linux-arm64]
checksum = "sha256:097347160595bf03a426d2abe0a17e14ca060540ddfc0ea45c0a9be62bb29a2b"
size = 1521163
url = "https://github.com/junegunn/fzf/releases/download/v0.65.2/fzf-0.65.2-linux_arm64.tar.gz"

[tools.fzf.platforms.macos-arm64]
checksum = "sha256:a1464f1d4b75c3a92975f67055f9e407800ed35820ea7d73f2afb90aeb0491e8"
size = 1658005
url = "https://github.com/junegunn/fzf/releases/download/v0.65.2/fzf-0.65.2-darwin_arm64.tar.gz"

[[tools.gh]]
version = "2.80.0"
backend = "aqua:cli/cli"

[tools.gh.platforms.linux-x64]
checksum = "sha256:e0afffbf36548194aed8a1bdaf474314857a808b1b1cfa38743e2f4ed6a35b0b"
size = 18079593
url = "https://github.com/cli/cli/releases/download/v2.80.0/gh_2.80.0_linux_amd64.tar.gz"

[tools.gh.platforms.macos-arm64]
checksum = "sha256:4e3567687d714272be3664244c045785573660803eabf41dff9a3a701b39f3b6"
size = 17561757
url = "https://github.com/cli/cli/releases/download/v2.80.0/gh_2.80.0_macOS_arm64.zip"

[[tools."github:dalance/procs"]]
version = "0.14.10"
backend = "github:dalance/procs"

[tools."github:dalance/procs".platforms.linux-x64]
checksum = "blake3:9433cce7a903a8d07b85c3d9b9520d699759b4dedc00d5d1123b348355682e15"
size = 2483155
url = "https://github.com/dalance/procs/releases/download/v0.14.10/procs-v0.14.10-x86_64-linux.zip"

[tools."github:dalance/procs".platforms.macos-arm64]
checksum = "blake3:4215cb2f2620f7c0658b644e9afbd844c32cd14593c38938167ba65f8fb19acb"
size = 2025599
url = "https://github.com/dalance/procs/releases/download/v0.14.10/procs-v0.14.10-aarch64-mac.zip"

[[tools."github:eza-community/eza"]]
version = "0.23.3"
backend = "github:eza-community/eza"

[tools."github:eza-community/eza".platforms.linux-x64]
checksum = "blake3:2372510b54dd9e22d62bdcf3c7b7655e1135b00d2d2bf8e72b4d830f72744234"
size = 1051574
url = "https://github.com/eza-community/eza/releases/download/v0.23.3/eza_x86_64-unknown-linux-gnu.tar.gz"

[tools."github:eza-community/eza".platforms.macos-arm64]
checksum = "blake3:1c56552301100a0f9f302555c72ec61a8cb360d750838c73319964185cf41b9b"
size = 7273
url = "https://github.com/eza-community/eza/releases/download/v0.23.3/completions-0.23.3.tar.gz"

[[tools."github:ghetzel/mdnstool"]]
version = "0.0.3"
backend = "github:ghetzel/mdnstool"

[tools."github:ghetzel/mdnstool".platforms.linux-arm64]
checksum = "blake3:ecbab90f2b3cddbb1656261da2e7837550f422437757bde75f62ad7c236171c1"
size = 9547776
url = "https://github.com/ghetzel/mdnstool/releases/download/v0.0.3/mdnstool-linux-arm64"

[[tools."github:peteretelej/tree"]]
version = "1.2.2"
backend = "github:peteretelej/tree"

[tools."github:peteretelej/tree".platforms.linux-x64]
checksum = "blake3:09ab4ed22826c0c48eb6ad117955b11a75b04dcc2278a9989ea2db1fafb662ca"
size = 555478
url = "https://github.com/peteretelej/tree/releases/download/v1.2.2/tree-v1.2.2-Linux-amd64.tar.gz"

[tools."github:peteretelej/tree".platforms.macos-arm64]
checksum = "blake3:087cc57941f72ac8eb9e967d6e0d9ad9453e3078a7602957cb9e1d0398372a43"
size = 511524
url = "https://github.com/peteretelej/tree/releases/download/v1.2.2/tree-v1.2.2-macOS-arm64.tar.gz"

[[tools."github:tstack/lnav"]]
version = "0.13.2"
backend = "github:tstack/lnav"

[tools."github:tstack/lnav".platforms.linux-x64]
checksum = "blake3:a2bd5f8e67393b7691b1687ddefb76805f0485317a41004967e9cd584777ffea"
size = 36168713
url = "https://github.com/tstack/lnav/releases/download/v0.13.2/lnav-0.13.2-linux-musl-x86_64.zip"

[tools."github:tstack/lnav".platforms.macos-arm64]
checksum = "blake3:a4584069d0fa1400bfadfcc5a928d5a8acfa3cac6b4d0e7fea464d0a57aeac7f"
size = 12491104
url = "https://github.com/tstack/lnav/releases/download/v0.13.2/lnav-0.13.2-aarch64-macos.zip"

[[tools.glab]]
version = "1.72.0"
backend = "ubi:gitlab-org/cli[provider=gitlab,exe=glab]"

[tools.glab.platforms.linux-x64-glab-glab]
checksum = "blake3:b2688769781bbd03ce08270dc68bf4a8fc9256abfac89b92e7d8bbe09a426fbd"

[tools.glab.platforms.macos-arm64-glab-glab]
checksum = "blake3:68401823b284e38417b3c53d54dfb93ee69522c467db6a89f3043a395f58ba27"

[[tools.jj]]
version = "0.33.0"
backend = "aqua:jj-vcs/jj"

[tools.jj.platforms.linux-arm64]
checksum = "blake3:d8ff44daf7aaae4002176f4b909e3941aadb258164c71b3042bd16ee29c09ede"
size = 8878572
url = "https://github.com/jj-vcs/jj/releases/download/v0.33.0/jj-v0.33.0-aarch64-unknown-linux-musl.tar.gz"

[tools.jj.platforms.linux-x64]
checksum = "blake3:f38a02f3dba5badaf44de043083dd2a289dcbd088143bf551289ebf4a1921c49"
size = 9510782
url = "https://github.com/jj-vcs/jj/releases/download/v0.33.0/jj-v0.33.0-x86_64-unknown-linux-musl.tar.gz"

[[tools.jjui]]
version = "0.9.3"
backend = "aqua:idursun/jjui"

[tools.jjui.platforms.linux-arm64]
checksum = "blake3:be1c2944bb2081e2bbf588f24645b496d06f46a8262aeb9ac72a074dbe29ddbd"
size = 3702066
url = "https://github.com/idursun/jjui/releases/download/v0.9.3/jjui-0.9.3-linux-arm64.zip"

[tools.jjui.platforms.linux-x64]
checksum = "blake3:1f52f90514c89e1bca00fe6dfee65739e4545852ec5581ab8d9a20b5f90a1c8a"
size = 3945927
url = "https://github.com/idursun/jjui/releases/download/v0.9.3/jjui-0.9.3-linux-amd64.zip"

[tools.jjui.platforms.macos-arm64]
checksum = "blake3:fa3ba7d14cadeb02cca37c3b2197025aa3dd86190de892012580fa20a47d52aa"
size = 3640754
url = "https://github.com/idursun/jjui/releases/download/v0.9.3/jjui-0.9.3-darwin-arm64.zip"

[[tools.jq]]
version = "1.8.1"
backend = "aqua:jqlang/jq"

[tools.jq.platforms.linux-arm64]
checksum = "sha256:6bc62f25981328edd3cfcfe6fe51b073f2d7e7710d7ef7fcdac28d4e384fc3d4"
size = 1797872
url = "https://github.com/jqlang/jq/releases/download/jq-1.8.1/jq-linux-arm64"

[[tools.lazydocker]]
version = "0.24.1"
backend = "aqua:jesseduffield/lazydocker"

[tools.lazydocker.platforms.linux-arm64]
checksum = "sha256:c38e715f2cb56440bec16e3744005522c1d13c47d2e3730572849dc69cefd8ae"
size = 4322131
url = "https://github.com/jesseduffield/lazydocker/releases/download/v0.24.1/lazydocker_0.24.1_Linux_arm64.tar.gz"

[[tools.lazygit]]
version = "0.55.1"
backend = "aqua:jesseduffield/lazygit"

[tools.lazygit.platforms.linux-x64]
checksum = "sha256:6385a699dde302b7fdcd1cc8910ae225ed0c19a230285569c586051576f0d6a3"
size = 7929493
url = "https://github.com/jesseduffield/lazygit/releases/download/v0.55.1/lazygit_0.55.1_linux_x86_64.tar.gz"

[tools.lazygit.platforms.macos-arm64]
checksum = "sha256:d5761da15dc95348e4d508ce3245a132a6129dbace866144b24591f2a5c73b8e"
size = 7598349
url = "https://github.com/jesseduffield/lazygit/releases/download/v0.55.1/lazygit_0.55.1_darwin_arm64.tar.gz"

[[tools.neovim]]
version = "0.11.4"
backend = "aqua:neovim/neovim"

[tools.neovim.platforms.linux-arm64]
checksum = "blake3:178fa17777fe45897f3f81fe1db032eb18e41d9de5e2da99b64556c1e0f40c66"
size = 10891274
url = "https://github.com/neovim/neovim/releases/download/v0.11.4/nvim-linux-arm64.tar.gz"

[tools.neovim.platforms.macos-arm64]
checksum = "blake3:31e761b1a1aa3642dec4b09b2f080f99fe550ecfb82e77f7bf11382d5f0630de"
size = 9194532
url = "https://github.com/neovim/neovim/releases/download/v0.11.4/nvim-macos-arm64.tar.gz"

[[tools.node]]
version = "24.9.0"
backend = "core:node"

[tools.node.platforms.linux-x64]
checksum = "sha256:d57d6c28a35785f58f33899a0aa0bfc83f7a8ef4448b6cf3f7d0961efc7b9189"
size = 58864014
url = "https://nodejs.org/dist/v24.9.0/node-v24.9.0-linux-x64.tar.gz"

[tools.node.platforms.macos-arm64]
checksum = "sha256:961024296c2a8e60daed0784f8b61e0fab5c51d197502a92eff052c72b53209b"
size = 51124089
url = "https://nodejs.org/dist/v24.9.0/node-v24.9.0-darwin-arm64.tar.gz"

[[tools.opencode]]
version = "0.12.1"
backend = "aqua:sst/opencode"

[tools.opencode.platforms.linux-x64]
checksum = "blake3:5a4a41aa3965b0689db1f70b3f297913f53d5e85dca653d198a63e65cc3f89b6"
size = 47423507
url = "https://github.com/sst/opencode/releases/download/v0.12.1/opencode-linux-x64.zip"

[tools.opencode.platforms.macos-arm64]
checksum = "blake3:664e2a5f681f5417733aa1631558f35359e0770da14723c0fa5cbd42c9971099"
size = 30168187
url = "https://github.com/sst/opencode/releases/download/v0.12.1/opencode-darwin-arm64.zip"

[[tools.pandoc]]
version = "3.8"
backend = "ubi:jgm/pandoc"

[tools.pandoc.platforms.linux-arm64-pandoc]
checksum = "blake3:60c229e8b97ccb43f10efbc8c7fafdb8cdb7d65c8b45e1de5972d5b833e0742c"

[tools.pandoc.platforms.linux-x64-pandoc]
checksum = "blake3:83eb3a8ca17605958114fd83e48a1bb00b8cf3cdac22c62d0502dd7bf54ccbb2"

[tools.pandoc.platforms.macos-arm64-pandoc]
checksum = "blake3:5c9f98c5a3863a63deaa75e5a56651b91bb70d46b2d032bff7c7a7f760b00f27"

[[tools."pipx:httpie"]]
version = "3.2.4"
backend = "pipx:httpie"

[[tools.pitchfork]]
version = "0.1.5"
backend = "aqua:jdx/pitchfork"

[tools.pitchfork.platforms.linux-arm64]
checksum = "blake3:865b86fa0d502bbc9ca96019a62d189e5855f9a31308eb0611ce09617b618315"
size = 2810401
url = "https://github.com/jdx/pitchfork/releases/download/v0.1.5/pitchfork-aarch64-unknown-linux-gnu.tar.gz"

[[tools.pnpm]]
version = "10.17.1"
backend = "aqua:pnpm/pnpm"

[tools.pnpm.platforms.linux-x64]
checksum = "blake3:2e22381b1e6af7cc8def6028cad41e2890d71752d6dd8de31da642f429670a3d"
size = 65959465
url = "https://github.com/pnpm/pnpm/releases/download/v10.17.1/pnpm-linux-x64"

[tools.pnpm.platforms.macos-arm64]
checksum = "blake3:307c16cc53c65c91209fc3ed2901871adc0fb08f4300d3a6dd4cb5c326ee06f5"
size = 62661104
url = "https://github.com/pnpm/pnpm/releases/download/v10.17.1/pnpm-macos-arm64"

[[tools.ripgrep]]
version = "14.1.1"
backend = "aqua:BurntSushi/ripgrep"

[tools.ripgrep.platforms.linux-arm64]
checksum = "sha256:c827481c4ff4ea10c9dc7a4022c8de5db34a5737cb74484d62eb94a95841ab2f"
size = 2047405
url = "https://github.com/BurntSushi/ripgrep/releases/download/14.1.1/ripgrep-14.1.1-aarch64-unknown-linux-gnu.tar.gz"

[[tools.rust]]
version = "1.90.0"
backend = "core:rust"

[[tools.tree-sitter]]
version = "0.25.10"
backend = "aqua:tree-sitter/tree-sitter"

[tools.tree-sitter.platforms.linux-x64]
checksum = "blake3:7be7cee5f139c18c1b46143b52dbd2f9c5ebc7459c25e0a26ca3bb74df32735a"
size = 6521182
url = "https://github.com/tree-sitter/tree-sitter/releases/download/v0.25.10/tree-sitter-linux-x64.gz"

[tools.tree-sitter.platforms.macos-arm64]
checksum = "blake3:d5aa9afa9f9c8f5bec9795ea5a1461539c30ae21586dde1120e688c9c82bc351"
size = 5938770
url = "https://github.com/tree-sitter/tree-sitter/releases/download/v0.25.10/tree-sitter-macos-arm64.gz"

[[tools.upt]]
version = "0.9.0"
backend = "ubi:sigoden/upt"

[tools.upt.platforms.linux-arm64-upt]
checksum = "blake3:40ab37c6d7fd7e31815e377891c0626a6ddf6afa92a58c04d0c1966269d8bb20"

[[tools.usage]]
version = "2.3.1"
backend = "ubi:jdx/usage"

[tools.usage.platforms.linux-x64-usage]
checksum = "blake3:fd52cc6e9e9df09ae7686db60c6ff0f02b529f3f4656d92b41b1bc53003f1d29"

[tools.usage.platforms.macos-arm64-usage]
checksum = "blake3:35cdb14fad4653a005ca1dc0a3500734c5b275b4e86bb96bce9da6fc6925204a"

[[tools.uv]]
version = "0.8.22"
backend = "asdf:uv"

[[tools.xh]]
version = "0.25.0"
backend = "aqua:ducaale/xh"

[tools.xh.platforms.linux-x64]
checksum = "blake3:57595bfaf07fac2aa95cbeaee7c37efae7a13f4525b404cd4683089a50edfa2a"
size = 4056139
url = "https://github.com/ducaale/xh/releases/download/v0.25.0/xh-v0.25.0-x86_64-unknown-linux-musl.tar.gz"

[tools.xh.platforms.macos-arm64]
checksum = "blake3:47931d7c441eeda3b5faf4886e01dda502714ddc0059bceb68654ab7d2203c53"
size = 3643819
url = "https://github.com/ducaale/xh/releases/download/v0.25.0/xh-v0.25.0-aarch64-apple-darwin.tar.gz"

[[tools.yazi]]
version = "25.5.31"
backend = "aqua:sxyazi/yazi"

[tools.yazi.platforms.linux-arm64]
checksum = "blake3:18b81cf78bd3eb146f5e8405228e2e0678f5adde97e9e2d811e7a000944a4fef"
size = 7753495
url = "https://github.com/sxyazi/yazi/releases/download/v25.5.31/yazi-aarch64-unknown-linux-musl.zip"

[[tools.yq]]
version = "4.47.2"
backend = "aqua:mikefarah/yq"

[tools.yq.platforms.linux-x64]
checksum = "blake3:591d393685cfa0f7698802eede1b9697b7772b072d734be69b0163be90a7787a"
size = 11477176
url = "https://github.com/mikefarah/yq/releases/download/v4.47.2/yq_linux_amd64"

[[tools.zellij]]
version = "0.43.1"
backend = "ubi:zellij-org/zellij"

[tools.zellij.platforms.linux-arm64-zellij]
checksum = "blake3:c8d05e7ffb2dd792faff5d6fef0a4fa8cb8af80ed7d448656a29264bb2f4824f"

[tools.zellij.platforms.macos-arm64-zellij]
checksum = "blake3:7d132a60b3d884ad8e16e02b89ba1da5907bc0d36570f4c9f8f4cb885dce78d6"

[[tools.zoxide]]
version = "0.9.8"
backend = "ubi:ajeetdsouza/zoxide"

[tools.zoxide.platforms.linux-arm64-zoxide]
checksum = "blake3:12f64fc400294f27b03a3e671b431afcece23b78083154d2fa1d00f481d8a10a"
