[[tools.aichat]]
version = "0.30.0"
backend = "aqua:sigoden/aichat"

[[tools.amp]]
version = "0.0.1756800102-g7dd105"
backend = "npm:@sourcegraph/amp"

[[tools."aqua:charmbracelet/crush"]]
version = "0.7.4"
backend = "aqua:charmbracelet/crush"

[tools."aqua:charmbracelet/crush".platforms.macos-arm64]
checksum = "sha256:535ec95bab333fd130f5ceb0af0797703ba02fd6df0118fdb3b544a77a12f7c0"
size = 16042957
url = "https://github.com/charmbracelet/crush/releases/download/v0.7.4/crush_0.7.4_Darwin_arm64.tar.gz"

[[tools."aqua:dlvhdr/gh-dash"]]
version = "4.16.2"
backend = "aqua:dlvhdr/gh-dash"

[tools."aqua:dlvhdr/gh-dash".platforms.macos-arm64]
checksum = "sha256:eaf9c6fa99576774c5f5f61774c07938e2f360a69cd5d115871126cbc7885007"
size = 19429506
url = "https://github.com/dlvhdr/gh-dash/releases/download/v4.16.2/gh-dash_v4.16.2_darwin-arm64"

[[tools."aqua:gitui-org/gitui"]]
version = "0.27.0"
backend = "aqua:gitui-org/gitui"

[[tools."aqua:ip7z/7zip"]]
version = "25.01"
backend = "aqua:ip7z/7zip"

[[tools."aqua:jorgerojas26/lazysql"]]
version = "0.4.0"
backend = "aqua:jorgerojas26/lazysql"

[[tools."aqua:zk-org/zk"]]
version = "0.15.1"
backend = "aqua:zk-org/zk"

[[tools."asdf:mise-plugins/mise-eza"]]
version = "0.23.1"
backend = "asdf:mise-plugins/mise-eza"

[[tools.atuin]]
version = "18.8.0"
backend = "aqua:atuinsh/atuin"

[tools.atuin.platforms.macos-arm64]
checksum = "sha256:639093c091d19077b06b52b098236075feee878f8409858adb1f875986b8c195"
size = 12509150
url = "https://github.com/atuinsh/atuin/releases/download/v18.8.0/atuin-aarch64-apple-darwin.tar.gz"

[[tools.bat]]
version = "0.25.0"
backend = "ubi:sharkdp/bat"

[[tools.bottom]]
version = "0.11.1"
backend = "aqua:ClementTsang/bottom"

[tools.bottom.platforms.macos-arm64]
checksum = "blake3:a4a924b78400e5eb8d14af363837e97b5b289cbd8204691ec9657fb584b385e6"
size = 1781908
url = "https://github.com/ClementTsang/bottom/releases/download/0.11.1/bottom_aarch64-apple-darwin.tar.gz"

[[tools.carapace]]
version = "1.4.1"
backend = "aqua:carapace-sh/carapace-bin"

[tools.carapace.platforms.macos-arm64]
checksum = "sha256:4dfb87a8914b8ece99a57d1f2f424dcb173b5ddd8b2d41f5d36c397d24b17ef1"
size = 12312027
url = "https://github.com/carapace-sh/carapace-bin/releases/download/v1.4.1/carapace-bin_1.4.1_darwin_arm64.tar.gz"

[[tools.cargo-binstall]]
version = "1.15.3"
backend = "aqua:cargo-bins/cargo-binstall"

[tools.cargo-binstall.platforms.macos-arm64]
checksum = "blake3:8fb84239a9f54c0107faa2cf6ac12c658572b943356e1291c4cf39f34af6ceaf"
size = 6004746
url = "https://github.com/cargo-bins/cargo-binstall/releases/download/v1.15.3/cargo-binstall-aarch64-apple-darwin.zip"

[[tools."cargo:diffutils"]]
version = "0.4.2"
backend = "cargo:diffutils"

[[tools."cargo:findutils"]]
version = "0.8.0"
backend = "cargo:findutils"

[[tools."cargo:git-graph"]]
version = "0.6.0"
backend = "cargo:git-graph"

[[tools."cargo:somo"]]
version = "1.1.0"
backend = "cargo:somo"

[[tools."cargo:tlrc"]]
version = "1.11.1"
backend = "cargo:tlrc"

[[tools.chezmoi]]
version = "2.65.0"
backend = "ubi:twpayne/chezmoi"

[tools.chezmoi.platforms.macos-arm64-chezmoi]
checksum = "blake3:4ce42c24126ec6c460348da04a007ed4a9b31ac17a31b39a19a074d5846973d1"

[[tools.codebuff]]
version = "1.0.470"
backend = "npm:codebuff"

[[tools.coreutils]]
version = "0.1.0"
backend = "aqua:uutils/coreutils"

[[tools.cosign]]
version = "2.5.3"
backend = "aqua:sigstore/cosign"

[[tools.direnv]]
version = "2.37.1"
backend = "aqua:direnv/direnv"

[[tools.dua]]
version = "2.31.0"
backend = "aqua:Byron/dua-cli"

[[tools.duf]]
version = "0.8.1"
backend = "aqua:muesli/duf"

[[tools.dust]]
version = "1.2.3"
backend = "ubi:bootandy/dust"

[[tools.fd]]
version = "10.3.0"
backend = "aqua:sharkdp/fd"

[tools.fd.platforms.macos-arm64]
checksum = "blake3:e7a554aed4fea189f2aa297e82087ceaebb844eac55a2503e5321cce88fbb636"
size = 1337349
url = "https://github.com/sharkdp/fd/releases/download/v10.3.0/fd-v10.3.0-aarch64-apple-darwin.tar.gz"

[[tools.fzf]]
version = "0.65.2"
backend = "aqua:junegunn/fzf"

[tools.fzf.platforms.macos-arm64]
checksum = "sha256:a1464f1d4b75c3a92975f67055f9e407800ed35820ea7d73f2afb90aeb0491e8"
size = 1658005
url = "https://github.com/junegunn/fzf/releases/download/v0.65.2/fzf-0.65.2-darwin_arm64.tar.gz"

[[tools.gemini-cli]]
version = "0.2.2"
backend = "npm:@google/gemini-cli"

[[tools.gh]]
version = "2.78.0"
backend = "aqua:cli/cli"

[tools.gh.platforms.macos-arm64]
checksum = "sha256:62290b0dbc9965ebbc20d2b481fe83aa167fadc28e0d81a5d93eec6efc9d3b72"
size = 17396485
url = "https://github.com/cli/cli/releases/download/v2.78.0/gh_2.78.0_macOS_arm64.zip"

[[tools."github:ghetzel/mdnstool"]]
version = "0.0.3"
backend = "github:ghetzel/mdnstool"

[[tools.glab]]
version = "1.67.0"
backend = "ubi:gitlab-org/cli[provider=gitlab,exe=glab]"

[tools.glab.platforms.macos-arm64-glab-glab]
checksum = "blake3:104dbce9fabe4684f73d094a92dc0d256dff80072e5f957f144f06f8eaf6067d"

[[tools.hyperfine]]
version = "1.19.0"
backend = "aqua:sharkdp/hyperfine"

[[tools.jq]]
version = "1.8.1"
backend = "aqua:jqlang/jq"

[[tools.lazydocker]]
version = "0.24.1"
backend = "aqua:jesseduffield/lazydocker"

[[tools.lazygit]]
version = "0.54.2"
backend = "aqua:jesseduffield/lazygit"

[tools.lazygit.platforms.macos-arm64]
checksum = "sha256:3325b15d93740501a8ad933bc836c77aa8b47c38352d6291728df30583ceda1b"
size = 7572130
url = "https://github.com/jesseduffield/lazygit/releases/download/v0.54.2/lazygit_0.54.2_darwin_arm64.tar.gz"

[[tools.neovim]]
version = "0.11.4"
backend = "aqua:neovim/neovim"

[tools.neovim.platforms.macos-arm64]
checksum = "blake3:31e761b1a1aa3642dec4b09b2f080f99fe550ecfb82e77f7bf11382d5f0630de"
size = 9194532
url = "https://github.com/neovim/neovim/releases/download/v0.11.4/nvim-macos-arm64.tar.gz"

[[tools.node]]
version = "24.7.0"
backend = "core:node"

[tools.node.platforms.macos-arm64]
checksum = "sha256:ff8298faaf82c85444aad7f1e12a4882496286ea9008702029b359d7fac7f8b3"
size = 51078653
url = "https://nodejs.org/dist/v24.7.0/node-v24.7.0-darwin-arm64.tar.gz"

[[tools.opencode]]
version = "0.6.1"
backend = "aqua:sst/opencode"

[tools.opencode.platforms.macos-arm64]
checksum = "blake3:56f86d0d555315eb3ee58b8feba12d02cb2820dc01a5dc38880745cf7c753985"
size = 29625731
url = "https://github.com/sst/opencode/releases/download/v0.6.1/opencode-darwin-arm64.zip"

[[tools.pandoc]]
version = "3.7.0.2"
backend = "ubi:jgm/pandoc"

[[tools."pipx:httpie"]]
version = "3.2.4"
backend = "pipx:httpie"

[[tools.pitchfork]]
version = "0.1.5"
backend = "aqua:jdx/pitchfork"

[[tools.pnpm]]
version = "10.15.1"
backend = "aqua:pnpm/pnpm"

[tools.pnpm.platforms.macos-arm64]
checksum = "blake3:502db5ea7eeeccf6307a8af184d2a63acdf88cdb3346d7fb0d55617e807d1c5a"
size = 62649648
url = "https://github.com/pnpm/pnpm/releases/download/v10.15.1/pnpm-macos-arm64"

[[tools.ripgrep]]
version = "14.1.1"
backend = "aqua:BurntSushi/ripgrep"

[[tools.rust]]
version = "1.89.0"
backend = "core:rust"

[[tools.tree-sitter]]
version = "0.25.8"
backend = "aqua:tree-sitter/tree-sitter"

[[tools.tssh]]
version = "0.1.22"
backend = "aqua:trzsz/trzsz-ssh"

[[tools."ubi:dalance/procs"]]
version = "0.14.10"
backend = "ubi:dalance/procs"

[[tools."ubi:peteretelej/tree"]]
version = "1.2.2"
backend = "ubi:peteretelej/tree"

[[tools."ubi:tstack/lnav"]]
version = "0.13.0"
backend = "ubi:tstack/lnav"

[[tools.upt]]
version = "0.9.0"
backend = "ubi:sigoden/upt"

[[tools.usage]]
version = "2.2.2"
backend = "ubi:jdx/usage"

[[tools.uv]]
version = "0.8.14"
backend = "asdf:uv"

[[tools.xh]]
version = "0.24.1"
backend = "aqua:ducaale/xh"

[tools.xh.platforms.macos-arm64]
checksum = "blake3:ec31720629e9a1e4869b01c9194405743a666a974fa6c91d885f5919ddf76ef0"
size = 3530843
url = "https://github.com/ducaale/xh/releases/download/v0.24.1/xh-v0.24.1-aarch64-apple-darwin.tar.gz"

[[tools.yazi]]
version = "25.5.31"
backend = "aqua:sxyazi/yazi"

[[tools.yq]]
version = "4.47.1"
backend = "aqua:mikefarah/yq"

[[tools.zellij]]
version = "0.43.1"
backend = "ubi:zellij-org/zellij"

[tools.zellij.platforms.macos-arm64-zellij]
checksum = "blake3:7d132a60b3d884ad8e16e02b89ba1da5907bc0d36570f4c9f8f4cb885dce78d6"

[[tools.zoxide]]
version = "0.9.8"
backend = "ubi:ajeetdsouza/zoxide"
