[tools."nix:amazon-q-cli"]
version = "1.12.7"
backend = "nix:amazon-q-cli"

[tools."nix:dash"]
version = "0.5.12"
backend = "nix:dash"

[tools."nix:dateutils"]
version = "0.4.11"
backend = "nix:dateutils"

[tools."nix:dos2unix"]
version = "7.5.2"
backend = "nix:dos2unix"

[tools."nix:exiftool"]
version = "13.25"
backend = "nix:exiftool"

[tools."nix:file"]
version = "5.45"
backend = "nix:file"

[tools."nix:gawk"]
version = "5.3.2"
backend = "nix:gawk"

[tools."nix:git"]
version = "2.50.0"
backend = "nix:git"

[tools."nix:gnugrep"]
version = "3.12"
backend = "nix:gnugrep"

[tools."nix:gnupg"]
version = "2.4.7"
backend = "nix:gnupg"

[tools."nix:gnused"]
version = "4.9"
backend = "nix:gnused"

[tools."nix:gpg-tui"]
version = "0.11.1"
backend = "nix:gpg-tui"

[tools."nix:htop"]
version = "3.4.1"
backend = "nix:htop"

[tools."nix:imagemagick"]
version = "7.1.1-47"
backend = "nix:imagemagick"

[tools."nix:rcs"]
version = "5.10.1"
backend = "nix:rcs"

[tools."nix:readline"]
version = "8.2p13"
backend = "nix:readline"

[tools."nix:renameutils"]
version = "0.12.0"
backend = "nix:renameutils"

[tools."nix:rsync"]
version = "3.4.1"
backend = "nix:rsync"

[tools."nix:taskwarrior"]
version = "2.6.2"
backend = "nix:taskwarrior"

[tools."nix:taskwarrior-tui"]
version = "0.26.3"
backend = "nix:taskwarrior-tui"

[tools."nix:timewarrior"]
version = "1.8.0"
backend = "nix:timewarrior"

[tools."nix:tmux"]
version = "3.2a"
backend = "nix:tmux"

[tools."nix:tzdata"]
version = "2025b"
backend = "nix:tzdata"

[tools."nix:wl-clipboard"]
version = "2.2.1"
backend = "nix:wl-clipboard"

[tools."nix:xclip"]
version = "0.13"
backend = "nix:xclip"

[tools."nix:xsel"]
version = "1.2.1"
backend = "nix:xsel"
