{
  "lockfile_version": "1",
  "packages": {
    "github:NixOS/nixpkgs/nixpkgs-unstable": {
      "last_modified": "2025-08-03T00:53:03Z",
      "resolved": "github:NixOS/nixpkgs/e960e6e1dc689e2b5fe9e3ee824fc12860d9f27c?lastModified=1754182383&narHash=sha256-hON5G3ENyUGUpqImXT%2BAg7TWbBsfthwqxMcAw8EiKw8%3D"
    },
    "nerd-fonts.inconsolata@latest": {
      "last_modified": "2025-07-13T22:45:35Z",
      "resolved": "github:NixOS/nixpkgs/a421ac6595024edcfbb1ef950a3712b89161c359#nerd-fonts.inconsolata",
      "source": "devbox-search",
      "version": "3.4.0+3.000",
      "systems": {
        "aarch64-darwin": {
          "outputs": [
            {
              "name": "out",
              "path": "/nix/store/cgnl96pfq8bp84a5436jp2mhz5q8wi0p-nerd-fonts-inconsolata-3.4.0+3.000",
              "default": true
            }
          ],
          "store_path": "/nix/store/cgnl96pfq8bp84a5436jp2mhz5q8wi0p-nerd-fonts-inconsolata-3.4.0+3.000"
        },
        "aarch64-linux": {
          "outputs": [
            {
              "name": "out",
              "path": "/nix/store/kjz3vb8r0kdyp2y1mim7230c5wzxw62z-nerd-fonts-inconsolata-3.4.0+3.000",
              "default": true
            }
          ],
          "store_path": "/nix/store/kjz3vb8r0kdyp2y1mim7230c5wzxw62z-nerd-fonts-inconsolata-3.4.0+3.000"
        },
        "x86_64-darwin": {
          "outputs": [
            {
              "name": "out",
              "path": "/nix/store/mx27a97jr7fabri85xrfnxz9fbs1kay1-nerd-fonts-inconsolata-3.4.0+3.000",
              "default": true
            }
          ],
          "store_path": "/nix/store/mx27a97jr7fabri85xrfnxz9fbs1kay1-nerd-fonts-inconsolata-3.4.0+3.000"
        },
        "x86_64-linux": {
          "outputs": [
            {
              "name": "out",
              "path": "/nix/store/qrgxkdsf739fmj7zpiy8hfad2ycl0g8r-nerd-fonts-inconsolata-3.4.0+3.000",
              "default": true
            }
          ],
          "store_path": "/nix/store/qrgxkdsf739fmj7zpiy8hfad2ycl0g8r-nerd-fonts-inconsolata-3.4.0+3.000"
        }
      }
    },
    "procps@latest": {
      "last_modified": "2025-07-13T22:45:35Z",
      "resolved": "github:NixOS/nixpkgs/a421ac6595024edcfbb1ef950a3712b89161c359#procps",
      "source": "devbox-search",
      "version": "4.0.4",
      "systems": {
        "aarch64-linux": {
          "outputs": [
            {
              "name": "out",
              "path": "/nix/store/pw7sw9rjrcix0dk0f8483ddmz5xzrff9-procps-4.0.4",
              "default": true
            }
          ],
          "store_path": "/nix/store/pw7sw9rjrcix0dk0f8483ddmz5xzrff9-procps-4.0.4"
        },
        "x86_64-linux": {
          "outputs": [
            {
              "name": "out",
              "path": "/nix/store/lprzik90algj3blmf0mf7hhwl0ggk1z1-procps-4.0.4",
              "default": true
            }
          ],
          "store_path": "/nix/store/lprzik90algj3blmf0mf7hhwl0ggk1z1-procps-4.0.4"
        }
      }
    },
    "sshfs-fuse@latest": {
      "last_modified": "2023-02-24T09:01:09Z",
      "resolved": "github:NixOS/nixpkgs/7d0ed7f2e5aea07ab22ccb338d27fbe347ed2f11#sshfs-fuse",
      "source": "devbox-search",
      "version": "3.7.3"
    }
  }
}
