{
  "lockfile_version": "1",
  "packages": {
    "gitflow@latest": {
      "last_modified": "2025-12-31T03:27:36Z",
      "resolved": "github:NixOS/nixpkgs/f665af0cdb70ed27e1bd8f9fdfecaf451260fc55#gitflow",
      "source": "devbox-search",
      "version": "1.12.3",
      "systems": {
        "aarch64-darwin": {
          "outputs": [
            {
              "name": "out",
              "path": "/nix/store/0jhvlg9rraglclsc6bzqai0hf17d3qn7-gitflow-1.12.3",
              "default": true
            }
          ],
          "store_path": "/nix/store/0jhvlg9rraglclsc6bzqai0hf17d3qn7-gitflow-1.12.3"
        },
        "aarch64-linux": {
          "outputs": [
            {
              "name": "out",
              "path": "/nix/store/hg4kw6rkac0vwvpmwbvv89qck7m8sgal-gitflow-1.12.3",
              "default": true
            }
          ],
          "store_path": "/nix/store/hg4kw6rkac0vwvpmwbvv89qck7m8sgal-gitflow-1.12.3"
        },
        "x86_64-darwin": {
          "outputs": [
            {
              "name": "out",
              "path": "/nix/store/n2cmkdmbyli6xpipxhby1lq1xl0ddcjd-gitflow-1.12.3",
              "default": true
            }
          ],
          "store_path": "/nix/store/n2cmkdmbyli6xpipxhby1lq1xl0ddcjd-gitflow-1.12.3"
        },
        "x86_64-linux": {
          "outputs": [
            {
              "name": "out",
              "path": "/nix/store/a07klr8i372g0db39r8sqaifd35d14pr-gitflow-1.12.3",
              "default": true
            }
          ],
          "store_path": "/nix/store/a07klr8i372g0db39r8sqaifd35d14pr-gitflow-1.12.3"
        }
      }
    },
    "github:NixOS/nixpkgs/nixpkgs-unstable": {
      "last_modified": "2026-01-02T14:39:32Z",
      "resolved": "github:NixOS/nixpkgs/16c7794d0a28b5a37904d55bcca36003b9109aaa?lastModified=1767364772&narHash=sha256-fFUnEYMla8b7UKjijLnMe%2BoVFOz6HjijGGNS1l7dYaQ%3D"
    },
    "nerd-fonts.inconsolata@latest": {
      "last_modified": "2025-12-31T03:27:36Z",
      "resolved": "github:NixOS/nixpkgs/f665af0cdb70ed27e1bd8f9fdfecaf451260fc55#nerd-fonts.inconsolata",
      "source": "devbox-search",
      "version": "3.4.0+3.000",
      "systems": {
        "aarch64-darwin": {
          "outputs": [
            {
              "name": "out",
              "path": "/nix/store/5vylq6vfgniw6h2qbw3r8bijhwp5n4y0-nerd-fonts-inconsolata-3.4.0+3.000",
              "default": true
            }
          ],
          "store_path": "/nix/store/5vylq6vfgniw6h2qbw3r8bijhwp5n4y0-nerd-fonts-inconsolata-3.4.0+3.000"
        },
        "aarch64-linux": {
          "outputs": [
            {
              "name": "out",
              "path": "/nix/store/pb9j5njc2gfbh6zkq5q5wbndw3n7ry90-nerd-fonts-inconsolata-3.4.0+3.000",
              "default": true
            }
          ],
          "store_path": "/nix/store/pb9j5njc2gfbh6zkq5q5wbndw3n7ry90-nerd-fonts-inconsolata-3.4.0+3.000"
        },
        "x86_64-darwin": {
          "outputs": [
            {
              "name": "out",
              "path": "/nix/store/nqj8gwjj18a2nc8fnlcsjc9mcrmm8ij3-nerd-fonts-inconsolata-3.4.0+3.000",
              "default": true
            }
          ],
          "store_path": "/nix/store/nqj8gwjj18a2nc8fnlcsjc9mcrmm8ij3-nerd-fonts-inconsolata-3.4.0+3.000"
        },
        "x86_64-linux": {
          "outputs": [
            {
              "name": "out",
              "path": "/nix/store/2vv9v0akm0q54i55hd5p895fjr7a10sr-nerd-fonts-inconsolata-3.4.0+3.000",
              "default": true
            }
          ],
          "store_path": "/nix/store/2vv9v0akm0q54i55hd5p895fjr7a10sr-nerd-fonts-inconsolata-3.4.0+3.000"
        }
      }
    },
    "procps@latest": {
      "last_modified": "2025-12-31T03:27:36Z",
      "resolved": "github:NixOS/nixpkgs/f665af0cdb70ed27e1bd8f9fdfecaf451260fc55#procps",
      "source": "devbox-search",
      "version": "4.0.4",
      "systems": {
        "aarch64-darwin": {
          "outputs": [
            {
              "name": "2008",
              "path": "/nix/store/mlqjj5rnkpyij3vypj8l13q11ns904al-procps-1003.1-2008",
              "default": true
            }
          ]
        },
        "aarch64-linux": {
          "outputs": [
            {
              "name": "out",
              "path": "/nix/store/5kyvs732ynjmkh06nngajjm3s59ybpfl-procps-4.0.4",
              "default": true
            }
          ],
          "store_path": "/nix/store/5kyvs732ynjmkh06nngajjm3s59ybpfl-procps-4.0.4"
        },
        "x86_64-linux": {
          "outputs": [
            {
              "name": "out",
              "path": "/nix/store/2m5f7kh434zcfgj60s9gw22f37hs8c4k-procps-4.0.4",
              "default": true
            }
          ],
          "store_path": "/nix/store/2m5f7kh434zcfgj60s9gw22f37hs8c4k-procps-4.0.4"
        }
      }
    },
    "sshfs-fuse@latest": {
      "last_modified": "2023-02-24T09:01:09Z",
      "resolved": "github:NixOS/nixpkgs/7d0ed7f2e5aea07ab22ccb338d27fbe347ed2f11#sshfs-fuse",
      "source": "devbox-search",
      "version": "3.7.3",
      "systems": {
        "aarch64-darwin": {
          "outputs": [
            {
              "path": "/nix/store/3rzs2bif6f9ghih1zxy3yvwgc6vnxv06-sshfs-fuse-2.10",
              "default": true
            }
          ]
        },
        "x86_64-linux": {
          "outputs": [
            {
              "path": "/nix/store/36pj7qpc7l35vhxa1qgipaddrr8qldps-sshfs-fuse-3.7.3",
              "default": true
            }
          ]
        }
      }
    },
    "taskopen@latest": {
      "last_modified": "2025-12-31T03:27:36Z",
      "resolved": "github:NixOS/nixpkgs/f665af0cdb70ed27e1bd8f9fdfecaf451260fc55#taskopen",
      "source": "devbox-search",
      "version": "1.1.5",
      "systems": {
        "aarch64-linux": {
          "outputs": [
            {
              "name": "out",
              "path": "/nix/store/88ip0srlpxgnr107q1xkhqwglkq1qzgd-taskopen-1.1.5",
              "default": true
            }
          ],
          "store_path": "/nix/store/88ip0srlpxgnr107q1xkhqwglkq1qzgd-taskopen-1.1.5"
        },
        "x86_64-linux": {
          "outputs": [
            {
              "name": "out",
              "path": "/nix/store/mpip5bpl5zgwsjmwqhv0y3l23ifqkam6-taskopen-1.1.5",
              "default": true
            }
          ],
          "store_path": "/nix/store/mpip5bpl5zgwsjmwqhv0y3l23ifqkam6-taskopen-1.1.5"
        }
      }
    }
  }
}
